// !$*UTF8*$!
{
	archiveVersion = 1;
	classes = {
	};
	objectVersion = 46;
	objects = {

/* Begin PBXBuildFile section */
		7DED459037CC411CBCB4518D /* libPods-ios.a in Frameworks */ = {isa = PBXBuildFile; fileRef = 228D1BB905C942619A74305D /* libPods-ios.a */; };
		A301767E11FDEC22004828C5 /* LRMocky.h in Headers */ = {isa = PBXBuildFile; fileRef = A301767511FDEB9C004828C5 /* LRMocky.h */; settings = {ATTRIBUTES = (Public, ); }; };
		A301769E11FDEEFC004828C5 /* LRInvocationExpectationBuilder.h in Headers */ = {isa = PBXBuildFile; fileRef = A301768A11FDEEFC004828C5 /* LRInvocationExpectationBuilder.h */; settings = {ATTRIBUTES = (Public, ); }; };
		A301769F11FDEEFC004828C5 /* LRInvocationExpectationBuilder.m in Sources */ = {isa = PBXBuildFile; fileRef = A301768B11FDEEFC004828C5 /* LRInvocationExpectationBuilder.m */; };
		A30176A311FDEEFC004828C5 /* LRInvocationExpectation.m in Sources */ = {isa = PBXBuildFile; fileRef = A301768F11FDEEFC004828C5 /* LRInvocationExpectation.m */; };
		A30176A411FDEEFC004828C5 /* LRMockery.h in Headers */ = {isa = PBXBuildFile; fileRef = A301769011FDEEFC004828C5 /* LRMockery.h */; settings = {ATTRIBUTES = (Public, ); }; };
		A30176A511FDEEFC004828C5 /* LRMockery.m in Sources */ = {isa = PBXBuildFile; fileRef = A301769111FDEEFC004828C5 /* LRMockery.m */; };
		A30176A811FDEEFC004828C5 /* LRPerformBlockAction.h in Headers */ = {isa = PBXBuildFile; fileRef = A301769411FDEEFC004828C5 /* LRPerformBlockAction.h */; settings = {ATTRIBUTES = (Public, ); }; };
		A30176A911FDEEFC004828C5 /* LRPerformBlockAction.m in Sources */ = {isa = PBXBuildFile; fileRef = A301769511FDEEFC004828C5 /* LRPerformBlockAction.m */; };
		A30176AC11FDEEFC004828C5 /* LRTestCase.h in Headers */ = {isa = PBXBuildFile; fileRef = A301769811FDEEFC004828C5 /* LRTestCase.h */; settings = {ATTRIBUTES = (Public, ); }; };
		A30176AD11FDEEFC004828C5 /* LRTestCase.m in Sources */ = {isa = PBXBuildFile; fileRef = A301769911FDEEFC004828C5 /* LRTestCase.m */; };
		A30176AF11FDEEFC004828C5 /* LRUnexpectedInvocation.m in Sources */ = {isa = PBXBuildFile; fileRef = A301769B11FDEEFC004828C5 /* LRUnexpectedInvocation.m */; };
		A3156302150434D6006949E6 /* HCBlockMatcher.m in Sources */ = {isa = PBXBuildFile; fileRef = A36F415314296449004EAA45 /* HCBlockMatcher.m */; };
		A319BB961695A469003BB49A /* Foundation.framework in Frameworks */ = {isa = PBXBuildFile; fileRef = A319BB951695A469003BB49A /* Foundation.framework */; };
		A319BB9D1695A584003BB49A /* SenTestingKit.framework in Frameworks */ = {isa = PBXBuildFile; fileRef = A319BB9C1695A584003BB49A /* SenTestingKit.framework */; };
		A31FD27B16961B66002D4511 /* LRMockObject.m in Sources */ = {isa = PBXBuildFile; fileRef = A3E4288E1695E16800780641 /* LRMockObject.m */; };
		A31FD27C16961B8B002D4511 /* LRMockyStateMachine.m in Sources */ = {isa = PBXBuildFile; fileRef = A3385AC712026269006E95AB /* LRMockyStateMachine.m */; };
		A31FD27D16961B8B002D4511 /* LRMockyState.m in Sources */ = {isa = PBXBuildFile; fileRef = A3385ACA12026274006E95AB /* LRMockyState.m */; };
		A31FD27E16961B8B002D4511 /* LRMockyStateTransitionAction.m in Sources */ = {isa = PBXBuildFile; fileRef = A3385ACD1202627E006E95AB /* LRMockyStateTransitionAction.m */; };
		A31FD28C16962576002D4511 /* TestUtilities.m in Sources */ = {isa = PBXBuildFile; fileRef = A31FD28A16962533002D4511 /* TestUtilities.m */; };
		A31FD29116962851002D4511 /* LRInvocationToExpectationTranslator.m in Sources */ = {isa = PBXBuildFile; fileRef = A31FD28F169626E6002D4511 /* LRInvocationToExpectationTranslator.m */; };
		A31FD29216962852002D4511 /* LRInvocationToExpectationTranslator.m in Sources */ = {isa = PBXBuildFile; fileRef = A31FD28F169626E6002D4511 /* LRInvocationToExpectationTranslator.m */; };
		A31FD29A16965694002D4511 /* NSInvocation+OCMAdditions.m in Sources */ = {isa = PBXBuildFile; fileRef = A39155B711FFAEF000FE7C49 /* NSInvocation+OCMAdditions.m */; settings = {COMPILER_FLAGS = "-fno-objc-arc"; }; };
		A31FD29C16965694002D4511 /* NSInvocation+OCMAdditions.m in Sources */ = {isa = PBXBuildFile; fileRef = A39155B711FFAEF000FE7C49 /* NSInvocation+OCMAdditions.m */; settings = {COMPILER_FLAGS = "-fno-objc-arc"; }; };
		A31FD2A4169659B9002D4511 /* TestHelper.m in Sources */ = {isa = PBXBuildFile; fileRef = A346500111F2937D0080B46B /* TestHelper.m */; };
		A31FD2AC16965C0D002D4511 /* LRInvocationToExpectationTranslatorTest.m in Sources */ = {isa = PBXBuildFile; fileRef = A31FD286169623B4002D4511 /* LRInvocationToExpectationTranslatorTest.m */; };
		A31FD2AD16965C0D002D4511 /* LRMockObjectTest.m in Sources */ = {isa = PBXBuildFile; fileRef = A319BB971695A4BF003BB49A /* LRMockObjectTest.m */; };
		A31FD2AE16965C0D002D4511 /* LRReflectionImposterizerTest.m in Sources */ = {isa = PBXBuildFile; fileRef = A319BB9E1695AB7C003BB49A /* LRReflectionImposterizerTest.m */; };
		A31FD2AF16965C0D002D4511 /* LRMockeryTest.m in Sources */ = {isa = PBXBuildFile; fileRef = A34650D311F857680080B46B /* LRMockeryTest.m */; };
		A31FD2B116965C0D002D4511 /* LRMockyStatesTest.m in Sources */ = {isa = PBXBuildFile; fileRef = A3385A2512024D08006E95AB /* LRMockyStatesTest.m */; };
		A31FD2B816965C5C002D4511 /* SenTestingKit.framework in Frameworks */ = {isa = PBXBuildFile; fileRef = A319BB9C1695A584003BB49A /* SenTestingKit.framework */; };
		A31FD2C816965C7D002D4511 /* SimpleExpectationTests.m in Sources */ = {isa = PBXBuildFile; fileRef = A3464E8C11F2794A0080B46B /* SimpleExpectationTests.m */; };
		A31FD2CE16965C96002D4511 /* Foundation.framework in Frameworks */ = {isa = PBXBuildFile; fileRef = A319BB951695A469003BB49A /* Foundation.framework */; };
		A31FD2CF16965CD9002D4511 /* Mocky-OSX.framework in Frameworks */ = {isa = PBXBuildFile; fileRef = A3E4289E1695E32300780641 /* Mocky-OSX.framework */; };
		A31FD2D916965D54002D4511 /* FunctionalMockeryTestCase.m in Sources */ = {isa = PBXBuildFile; fileRef = A3EE4F5811FF1C0F002DA61D /* FunctionalMockeryTestCase.m */; };
		A31FD2DB16965D5E002D4511 /* TestHelper.m in Sources */ = {isa = PBXBuildFile; fileRef = A346500111F2937D0080B46B /* TestHelper.m */; };
		A31FD2DC16965D5E002D4511 /* TestUtilities.m in Sources */ = {isa = PBXBuildFile; fileRef = A31FD28A16962533002D4511 /* TestUtilities.m */; };
		A31FD2EF16966B0B002D4511 /* LRExpectationsTest.m in Sources */ = {isa = PBXBuildFile; fileRef = A31FD2E71696683C002D4511 /* LRExpectationsTest.m */; };
		A31FD2F216970BB9002D4511 /* LRExpectations.h in Headers */ = {isa = PBXBuildFile; fileRef = A31FD2F016970BB8002D4511 /* LRExpectations.h */; };
		A31FD2F316970BB9002D4511 /* LRExpectations.m in Sources */ = {isa = PBXBuildFile; fileRef = A31FD2F116970BB9002D4511 /* LRExpectations.m */; };
		A31FD2F516970D8D002D4511 /* LRExpectations.m in Sources */ = {isa = PBXBuildFile; fileRef = A31FD2F116970BB9002D4511 /* LRExpectations.m */; };
		A31FD2F916972114002D4511 /* ProtocolMockTests.m in Sources */ = {isa = PBXBuildFile; fileRef = A381A25212243FAC00FA2A5C /* ProtocolMockTests.m */; };
		A31FD2FA16972114002D4511 /* NotificationExpectationTests.m in Sources */ = {isa = PBXBuildFile; fileRef = A3289A53122C744700D89A88 /* NotificationExpectationTests.m */; };
		A31FD2FC16975A39002D4511 /* LRInvocationExpectationTest.m in Sources */ = {isa = PBXBuildFile; fileRef = A31FD2FB16975A39002D4511 /* LRInvocationExpectationTest.m */; };
		A31FD2FD16975B7A002D4511 /* HCBlockMatcher.m in Sources */ = {isa = PBXBuildFile; fileRef = A36F415314296449004EAA45 /* HCBlockMatcher.m */; };
		A31FD3071697B49D002D4511 /* LRAllParametersMatcher.h in Headers */ = {isa = PBXBuildFile; fileRef = A31FD3051697B49D002D4511 /* LRAllParametersMatcher.h */; };
		A31FD3081697B49D002D4511 /* LRAllParametersMatcher.m in Sources */ = {isa = PBXBuildFile; fileRef = A31FD3061697B49D002D4511 /* LRAllParametersMatcher.m */; };
		A31FD3091697B511002D4511 /* LRAllParametersMatcher.m in Sources */ = {isa = PBXBuildFile; fileRef = A31FD3061697B49D002D4511 /* LRAllParametersMatcher.m */; };
		A31FD30D1697B59E002D4511 /* NSInvocation+Conveniences.h in Headers */ = {isa = PBXBuildFile; fileRef = A31FD30B1697B59E002D4511 /* NSInvocation+Conveniences.h */; };
		A31FD30E1697B59E002D4511 /* NSInvocation+Conveniences.m in Sources */ = {isa = PBXBuildFile; fileRef = A31FD30C1697B59E002D4511 /* NSInvocation+Conveniences.m */; };
		A31FD30F1697B61F002D4511 /* NSInvocation+Conveniences.m in Sources */ = {isa = PBXBuildFile; fileRef = A31FD30C1697B59E002D4511 /* NSInvocation+Conveniences.m */; };
		A31FD3101697BD20002D4511 /* CardinalityTests.m in Sources */ = {isa = PBXBuildFile; fileRef = A35D667B11FF508B00F0C310 /* CardinalityTests.m */; };
		A31FD3111697BE5C002D4511 /* ExpectationsWithDifferentArgumentsTest.m in Sources */ = {isa = PBXBuildFile; fileRef = A3D496D91210CF910076940C /* ExpectationsWithDifferentArgumentsTest.m */; };
		A31FD3231698F94D002D4511 /* ExpectationActionsTest.m in Sources */ = {isa = PBXBuildFile; fileRef = A3C707F711FDDFE0000D2A8C /* ExpectationActionsTest.m */; };
		A31FD32C16990608002D4511 /* LRExpectationActions.h in Headers */ = {isa = PBXBuildFile; fileRef = A31FD32A16990600002D4511 /* LRExpectationActions.h */; };
		A31FD32D16990608002D4511 /* LRExpectationActions.m in Sources */ = {isa = PBXBuildFile; fileRef = A31FD32B16990604002D4511 /* LRExpectationActions.m */; };
		A31FD32F169907F4002D4511 /* LRExpectationActions.m in Sources */ = {isa = PBXBuildFile; fileRef = A31FD32B16990604002D4511 /* LRExpectationActions.m */; };
		A31FD33216990C14002D4511 /* LRCompositeAction.h in Headers */ = {isa = PBXBuildFile; fileRef = A31FD33016990C10002D4511 /* LRCompositeAction.h */; };
		A31FD33316990C14002D4511 /* LRCompositeAction.m in Sources */ = {isa = PBXBuildFile; fileRef = A31FD33116990C12002D4511 /* LRCompositeAction.m */; };
		A31FD33416990D66002D4511 /* LRCompositeAction.m in Sources */ = {isa = PBXBuildFile; fileRef = A31FD33116990C12002D4511 /* LRCompositeAction.m */; };
		A31FD33716990EF2002D4511 /* NSInvocation+BlockArguments.h in Headers */ = {isa = PBXBuildFile; fileRef = A31FD33516990EF2002D4511 /* NSInvocation+BlockArguments.h */; };
		A31FD33816990EF2002D4511 /* NSInvocation+BlockArguments.m in Sources */ = {isa = PBXBuildFile; fileRef = A31FD33616990EF2002D4511 /* NSInvocation+BlockArguments.m */; settings = {COMPILER_FLAGS = "-fno-objc-arc"; }; };
		A31FD34216991122002D4511 /* NSInvocation+BlockArguments.m in Sources */ = {isa = PBXBuildFile; fileRef = A31FD33616990EF2002D4511 /* NSInvocation+BlockArguments.m */; settings = {COMPILER_FLAGS = "-fno-objc-arc"; }; };
		A31FD34616991243002D4511 /* libPods-osx.a in Frameworks */ = {isa = PBXBuildFile; fileRef = A31FD3431699122C002D4511 /* libPods-osx.a */; };
		A31FD34716991243002D4511 /* libPods-osx.a in Frameworks */ = {isa = PBXBuildFile; fileRef = A31FD3431699122C002D4511 /* libPods-osx.a */; };
		A31FD34816991283002D4511 /* StateMachineTests.m in Sources */ = {isa = PBXBuildFile; fileRef = A3C66A2A120244F20004F78B /* StateMachineTests.m */; };
		A31FD34B1699180E002D4511 /* LRExpectationConstraints.h in Headers */ = {isa = PBXBuildFile; fileRef = A31FD3491699180A002D4511 /* LRExpectationConstraints.h */; };
		A31FD34C1699180E002D4511 /* LRExpectationConstraints.m in Sources */ = {isa = PBXBuildFile; fileRef = A31FD34A1699180C002D4511 /* LRExpectationConstraints.m */; };
		A31FD34D16991D6F002D4511 /* LRExpectationConstraints.m in Sources */ = {isa = PBXBuildFile; fileRef = A31FD34A1699180C002D4511 /* LRExpectationConstraints.m */; };
		A31FD3501699204D002D4511 /* Foundation.framework in Frameworks */ = {isa = PBXBuildFile; fileRef = A319BB951695A469003BB49A /* Foundation.framework */; };
		A31FD35116992054002D4511 /* SenTestingKit.framework in Frameworks */ = {isa = PBXBuildFile; fileRef = A319BB9C1695A584003BB49A /* SenTestingKit.framework */; };
		A31FD3531699205E002D4511 /* Mocky-OSX.framework in Frameworks */ = {isa = PBXBuildFile; fileRef = A3E4289E1695E32300780641 /* Mocky-OSX.framework */; };
		A31FD35E1699223A002D4511 /* libPods-osx.a in Frameworks */ = {isa = PBXBuildFile; fileRef = A31FD35D16992239002D4511 /* libPods-osx.a */; };
		A3289A3C122C73B100D89A88 /* LRNotificationExpectation.h in Headers */ = {isa = PBXBuildFile; fileRef = A3289A3A122C73B100D89A88 /* LRNotificationExpectation.h */; };
		A3289A3D122C73B100D89A88 /* LRNotificationExpectation.m in Sources */ = {isa = PBXBuildFile; fileRef = A3289A3B122C73B100D89A88 /* LRNotificationExpectation.m */; };
		A32E0C6112070555009B4C81 /* NSException_SenTestFailure.h in Headers */ = {isa = PBXBuildFile; fileRef = A32E0C6012070555009B4C81 /* NSException_SenTestFailure.h */; settings = {ATTRIBUTES = (Public, ); }; };
		A3385ADD12026372006E95AB /* LRMockyStateMachine.m in Sources */ = {isa = PBXBuildFile; fileRef = A3385AC712026269006E95AB /* LRMockyStateMachine.m */; };
		A3385ADE12026375006E95AB /* LRMockyState.m in Sources */ = {isa = PBXBuildFile; fileRef = A3385ACA12026274006E95AB /* LRMockyState.m */; };
		A3385ADF12026377006E95AB /* LRMockyStateTransitionAction.m in Sources */ = {isa = PBXBuildFile; fileRef = A3385ACD1202627E006E95AB /* LRMockyStateTransitionAction.m */; };
		A36F414B142962C4004EAA45 /* LRHamcrestSupport.h in Headers */ = {isa = PBXBuildFile; fileRef = A36F414A142962C4004EAA45 /* LRHamcrestSupport.h */; };
		A381A1FA12243BE900FA2A5C /* LRExpectationAction.h in Headers */ = {isa = PBXBuildFile; fileRef = A301768911FDEEFC004828C5 /* LRExpectationAction.h */; settings = {ATTRIBUTES = (Public, ); }; };
		A381A1FB12243BF200FA2A5C /* LRDescribable.h in Headers */ = {isa = PBXBuildFile; fileRef = A391557A11FF670500FE7C49 /* LRDescribable.h */; settings = {ATTRIBUTES = (Public, ); }; };
		A381A20112243C0100FA2A5C /* LRConsecutiveCallAction.h in Headers */ = {isa = PBXBuildFile; fileRef = A3EE4EF511FE5D64002DA61D /* LRConsecutiveCallAction.h */; settings = {ATTRIBUTES = (Public, ); }; };
		A381A20312243C1400FA2A5C /* LRMockyStates.h in Headers */ = {isa = PBXBuildFile; fileRef = A3C66A42120249240004F78B /* LRMockyStates.h */; settings = {ATTRIBUTES = (Public, ); }; };
		A39155B811FFAEF000FE7C49 /* NSInvocation+OCMAdditions.h in Headers */ = {isa = PBXBuildFile; fileRef = A39155B611FFAEF000FE7C49 /* NSInvocation+OCMAdditions.h */; settings = {ATTRIBUTES = (Public, ); }; };
		A391561311FFB81300FE7C49 /* LRExpectationCardinality.m in Sources */ = {isa = PBXBuildFile; fileRef = A391554811FF5F0900FE7C49 /* LRExpectationCardinality.m */; };
		A391561A11FFB82900FE7C49 /* LRConsecutiveCallAction.m in Sources */ = {isa = PBXBuildFile; fileRef = A3EE4EF611FE5D64002DA61D /* LRConsecutiveCallAction.m */; };
		A3943E0B11FFBBAB007FE700 /* BasicExamples.m in Sources */ = {isa = PBXBuildFile; fileRef = A3943E0A11FFBBAB007FE700 /* BasicExamples.m */; };
		A398EEF413D1F759005C26AA /* TestHelper.m in Sources */ = {isa = PBXBuildFile; fileRef = A346500111F2937D0080B46B /* TestHelper.m */; };
		A3C805921207139A00BA64E7 /* LRMockyStateMachine.h in Headers */ = {isa = PBXBuildFile; fileRef = A3385AC612026269006E95AB /* LRMockyStateMachine.h */; settings = {ATTRIBUTES = (Public, ); }; };
		A3C805931207139A00BA64E7 /* LRMockyState.h in Headers */ = {isa = PBXBuildFile; fileRef = A3385AC912026273006E95AB /* LRMockyState.h */; settings = {ATTRIBUTES = (Public, ); }; };
		A3C805941207139A00BA64E7 /* LRMockyStateTransitionAction.h in Headers */ = {isa = PBXBuildFile; fileRef = A3385ACC1202627E006E95AB /* LRMockyStateTransitionAction.h */; settings = {ATTRIBUTES = (Public, ); }; };
		A3C805951207139A00BA64E7 /* LRExpectation.h in Headers */ = {isa = PBXBuildFile; fileRef = A301768811FDEEFC004828C5 /* LRExpectation.h */; settings = {ATTRIBUTES = (Public, ); }; };
		A3C805961207139A00BA64E7 /* LRInvocationExpectation.h in Headers */ = {isa = PBXBuildFile; fileRef = A301768E11FDEEFC004828C5 /* LRInvocationExpectation.h */; settings = {ATTRIBUTES = (Public, ); }; };
		A3C805971207139A00BA64E7 /* LRUnexpectedInvocation.h in Headers */ = {isa = PBXBuildFile; fileRef = A301769A11FDEEFC004828C5 /* LRUnexpectedInvocation.h */; settings = {ATTRIBUTES = (Public, ); }; };
		A3C805981207139A00BA64E7 /* LRExpectationCardinality.h in Headers */ = {isa = PBXBuildFile; fileRef = A391554711FF5F0900FE7C49 /* LRExpectationCardinality.h */; settings = {ATTRIBUTES = (Public, ); }; };
		A3E4288F1695E16800780641 /* LRMockObject.h in Headers */ = {isa = PBXBuildFile; fileRef = A3E4288D1695E16800780641 /* LRMockObject.h */; };
		A3E428901695E16800780641 /* LRMockObject.m in Sources */ = {isa = PBXBuildFile; fileRef = A3E4288E1695E16800780641 /* LRMockObject.m */; };
		A3E428951695E23000780641 /* LRReflectionImposterizer.h in Headers */ = {isa = PBXBuildFile; fileRef = A3E428931695E22F00780641 /* LRReflectionImposterizer.h */; };
		A3E428961695E23000780641 /* LRReflectionImposterizer.m in Sources */ = {isa = PBXBuildFile; fileRef = A3E428941695E23000780641 /* LRReflectionImposterizer.m */; };
		A3E428AA1695E32300780641 /* InfoPlist.strings in Resources */ = {isa = PBXBuildFile; fileRef = A3E428A81695E32300780641 /* InfoPlist.strings */; };
		A3E428AE1695E32300780641 /* Mocky_OSX.m in Sources */ = {isa = PBXBuildFile; fileRef = A3E428AD1695E32300780641 /* Mocky_OSX.m */; };
		A3E428B31695E33A00780641 /* LRReflectionImposterizer.m in Sources */ = {isa = PBXBuildFile; fileRef = A3E428941695E23000780641 /* LRReflectionImposterizer.m */; };
		A3E428B41695E34900780641 /* Mocky-OSX.framework in Frameworks */ = {isa = PBXBuildFile; fileRef = A3E4289E1695E32300780641 /* Mocky-OSX.framework */; };
		A3E428B51695E37E00780641 /* Foundation.framework in Frameworks */ = {isa = PBXBuildFile; fileRef = A319BB951695A469003BB49A /* Foundation.framework */; };
		A3E428B61695E59200780641 /* LRMockery.m in Sources */ = {isa = PBXBuildFile; fileRef = A301769111FDEEFC004828C5 /* LRMockery.m */; };
		A3E428B816961AD700780641 /* LRTestCase.m in Sources */ = {isa = PBXBuildFile; fileRef = A301769911FDEEFC004828C5 /* LRTestCase.m */; };
		A3E428B916961B0F00780641 /* LRInvocationExpectation.m in Sources */ = {isa = PBXBuildFile; fileRef = A301768F11FDEEFC004828C5 /* LRInvocationExpectation.m */; };
		A3E428BA16961B0F00780641 /* LRUnexpectedInvocation.m in Sources */ = {isa = PBXBuildFile; fileRef = A301769B11FDEEFC004828C5 /* LRUnexpectedInvocation.m */; };
		A3E428BB16961B0F00780641 /* LRExpectationCardinality.m in Sources */ = {isa = PBXBuildFile; fileRef = A391554811FF5F0900FE7C49 /* LRExpectationCardinality.m */; };
		A3E428BC16961B0F00780641 /* LRNotificationExpectation.m in Sources */ = {isa = PBXBuildFile; fileRef = A3289A3B122C73B100D89A88 /* LRNotificationExpectation.m */; };
		A3E428BD16961B0F00780641 /* LRPerformBlockAction.m in Sources */ = {isa = PBXBuildFile; fileRef = A301769511FDEEFC004828C5 /* LRPerformBlockAction.m */; };
		A3E428BF16961B0F00780641 /* LRConsecutiveCallAction.m in Sources */ = {isa = PBXBuildFile; fileRef = A3EE4EF611FE5D64002DA61D /* LRConsecutiveCallAction.m */; };
		A3E428C316961B0F00780641 /* LRInvocationExpectationBuilder.m in Sources */ = {isa = PBXBuildFile; fileRef = A301768B11FDEEFC004828C5 /* LRInvocationExpectationBuilder.m */; };
		A3F962441505869F003051DD /* LRMockyAutomation.h in Headers */ = {isa = PBXBuildFile; fileRef = A3F962421505869F003051DD /* LRMockyAutomation.h */; settings = {ATTRIBUTES = (Public, ); }; };
		AA747D9F0F9514B9006C5449 /* Mocky_Prefix.pch in Headers */ = {isa = PBXBuildFile; fileRef = AA747D9E0F9514B9006C5449 /* Mocky_Prefix.pch */; settings = {ATTRIBUTES = (); }; };
		AACBBE4A0F95108600F1A2B1 /* Foundation.framework in Frameworks */ = {isa = PBXBuildFile; fileRef = AACBBE490F95108600F1A2B1 /* Foundation.framework */; };
/* End PBXBuildFile section */

/* Begin PBXContainerItemProxy section */
		A340492B11FFBC420092E4C6 /* PBXContainerItemProxy */ = {
			isa = PBXContainerItemProxy;
			containerPortal = 0867D690FE84028FC02AAC07 /* Project object */;
			proxyType = 1;
			remoteGlobalIDString = D2AAC07D0554694100DB518D;
			remoteInfo = Mocky;
		};
/* End PBXContainerItemProxy section */

/* Begin PBXFileReference section */
		228D1BB905C942619A74305D /* libPods-ios.a */ = {isa = PBXFileReference; explicitFileType = archive.ar; includeInIndex = 0; path = "libPods-ios.a"; sourceTree = BUILT_PRODUCTS_DIR; };
		2A31DAE89AAD44DE9CD7A062 /* Pods-ios.xcconfig */ = {isa = PBXFileReference; includeInIndex = 1; lastKnownFileType = text.xcconfig; name = "Pods-ios.xcconfig"; path = "Pods/Pods-ios.xcconfig"; sourceTree = SOURCE_ROOT; };
		592A5255E4E0402AA826189E /* Pods-osx.xcconfig */ = {isa = PBXFileReference; includeInIndex = 1; lastKnownFileType = text.xcconfig; name = "Pods-osx.xcconfig"; path = "Pods/Pods-osx.xcconfig"; sourceTree = SOURCE_ROOT; };
		A301767511FDEB9C004828C5 /* LRMocky.h */ = {isa = PBXFileReference; fileEncoding = 4; lastKnownFileType = sourcecode.c.h; path = LRMocky.h; sourceTree = "<group>"; };
		A301768811FDEEFC004828C5 /* LRExpectation.h */ = {isa = PBXFileReference; fileEncoding = 4; lastKnownFileType = sourcecode.c.h; path = LRExpectation.h; sourceTree = "<group>"; };
		A301768911FDEEFC004828C5 /* LRExpectationAction.h */ = {isa = PBXFileReference; fileEncoding = 4; lastKnownFileType = sourcecode.c.h; path = LRExpectationAction.h; sourceTree = "<group>"; };
		A301768A11FDEEFC004828C5 /* LRInvocationExpectationBuilder.h */ = {isa = PBXFileReference; fileEncoding = 4; lastKnownFileType = sourcecode.c.h; path = LRInvocationExpectationBuilder.h; sourceTree = "<group>"; };
		A301768B11FDEEFC004828C5 /* LRInvocationExpectationBuilder.m */ = {isa = PBXFileReference; fileEncoding = 4; lastKnownFileType = sourcecode.c.objc; path = LRInvocationExpectationBuilder.m; sourceTree = "<group>"; };
		A301768E11FDEEFC004828C5 /* LRInvocationExpectation.h */ = {isa = PBXFileReference; fileEncoding = 4; lastKnownFileType = sourcecode.c.h; path = LRInvocationExpectation.h; sourceTree = "<group>"; };
		A301768F11FDEEFC004828C5 /* LRInvocationExpectation.m */ = {isa = PBXFileReference; fileEncoding = 4; lastKnownFileType = sourcecode.c.objc; path = LRInvocationExpectation.m; sourceTree = "<group>"; };
		A301769011FDEEFC004828C5 /* LRMockery.h */ = {isa = PBXFileReference; fileEncoding = 4; lastKnownFileType = sourcecode.c.h; path = LRMockery.h; sourceTree = "<group>"; };
		A301769111FDEEFC004828C5 /* LRMockery.m */ = {isa = PBXFileReference; fileEncoding = 4; lastKnownFileType = sourcecode.c.objc; path = LRMockery.m; sourceTree = "<group>"; };
		A301769411FDEEFC004828C5 /* LRPerformBlockAction.h */ = {isa = PBXFileReference; fileEncoding = 4; lastKnownFileType = sourcecode.c.h; path = LRPerformBlockAction.h; sourceTree = "<group>"; };
		A301769511FDEEFC004828C5 /* LRPerformBlockAction.m */ = {isa = PBXFileReference; fileEncoding = 4; lastKnownFileType = sourcecode.c.objc; path = LRPerformBlockAction.m; sourceTree = "<group>"; };
		A301769811FDEEFC004828C5 /* LRTestCase.h */ = {isa = PBXFileReference; fileEncoding = 4; lastKnownFileType = sourcecode.c.h; path = LRTestCase.h; sourceTree = "<group>"; };
		A301769911FDEEFC004828C5 /* LRTestCase.m */ = {isa = PBXFileReference; fileEncoding = 4; lastKnownFileType = sourcecode.c.objc; path = LRTestCase.m; sourceTree = "<group>"; };
		A301769A11FDEEFC004828C5 /* LRUnexpectedInvocation.h */ = {isa = PBXFileReference; fileEncoding = 4; lastKnownFileType = sourcecode.c.h; path = LRUnexpectedInvocation.h; sourceTree = "<group>"; };
		A301769B11FDEEFC004828C5 /* LRUnexpectedInvocation.m */ = {isa = PBXFileReference; fileEncoding = 4; lastKnownFileType = sourcecode.c.objc; path = LRUnexpectedInvocation.m; sourceTree = "<group>"; };
		A319BB7F1695A414003BB49A /* UnitTests.octest */ = {isa = PBXFileReference; explicitFileType = wrapper.cfbundle; includeInIndex = 0; path = UnitTests.octest; sourceTree = BUILT_PRODUCTS_DIR; };
		A319BB951695A469003BB49A /* Foundation.framework */ = {isa = PBXFileReference; lastKnownFileType = wrapper.framework; name = Foundation.framework; path = Platforms/MacOSX.platform/Developer/SDKs/MacOSX10.8.sdk/System/Library/Frameworks/Foundation.framework; sourceTree = DEVELOPER_DIR; };
		A319BB971695A4BF003BB49A /* LRMockObjectTest.m */ = {isa = PBXFileReference; fileEncoding = 4; lastKnownFileType = sourcecode.c.objc; path = LRMockObjectTest.m; sourceTree = "<group>"; };
		A319BB9C1695A584003BB49A /* SenTestingKit.framework */ = {isa = PBXFileReference; lastKnownFileType = wrapper.framework; name = SenTestingKit.framework; path = Library/Frameworks/SenTestingKit.framework; sourceTree = DEVELOPER_DIR; };
		A319BB9E1695AB7C003BB49A /* LRReflectionImposterizerTest.m */ = {isa = PBXFileReference; fileEncoding = 4; lastKnownFileType = sourcecode.c.objc; path = LRReflectionImposterizerTest.m; sourceTree = "<group>"; };
		A31FD286169623B4002D4511 /* LRInvocationToExpectationTranslatorTest.m */ = {isa = PBXFileReference; fileEncoding = 4; lastKnownFileType = sourcecode.c.objc; path = LRInvocationToExpectationTranslatorTest.m; sourceTree = "<group>"; };
		A31FD28916962532002D4511 /* TestUtilities.h */ = {isa = PBXFileReference; fileEncoding = 4; lastKnownFileType = sourcecode.c.h; path = TestUtilities.h; sourceTree = "<group>"; };
		A31FD28A16962533002D4511 /* TestUtilities.m */ = {isa = PBXFileReference; fileEncoding = 4; lastKnownFileType = sourcecode.c.objc; path = TestUtilities.m; sourceTree = "<group>"; };
		A31FD28D1696260D002D4511 /* LRExpectationCapture.h */ = {isa = PBXFileReference; lastKnownFileType = sourcecode.c.h; path = LRExpectationCapture.h; sourceTree = "<group>"; };
		A31FD28E169626E6002D4511 /* LRInvocationToExpectationTranslator.h */ = {isa = PBXFileReference; fileEncoding = 4; lastKnownFileType = sourcecode.c.h; path = LRInvocationToExpectationTranslator.h; sourceTree = "<group>"; };
		A31FD28F169626E6002D4511 /* LRInvocationToExpectationTranslator.m */ = {isa = PBXFileReference; fileEncoding = 4; lastKnownFileType = sourcecode.c.objc; path = LRInvocationToExpectationTranslator.m; sourceTree = "<group>"; };
		A31FD29716965062002D4511 /* LRUnexpectedInvocationException.h */ = {isa = PBXFileReference; fileEncoding = 4; lastKnownFileType = sourcecode.c.h; path = LRUnexpectedInvocationException.h; sourceTree = "<group>"; };
		A31FD29816965062002D4511 /* LRUnexpectedInvocationException.m */ = {isa = PBXFileReference; fileEncoding = 4; lastKnownFileType = sourcecode.c.objc; path = LRUnexpectedInvocationException.m; sourceTree = "<group>"; };
		A31FD2B716965C5C002D4511 /* FunctionalTests.octest */ = {isa = PBXFileReference; explicitFileType = wrapper.cfbundle; includeInIndex = 0; path = FunctionalTests.octest; sourceTree = BUILT_PRODUCTS_DIR; };
		A31FD2E0169661E1002D4511 /* LRExpectationCollector.h */ = {isa = PBXFileReference; lastKnownFileType = sourcecode.c.h; path = LRExpectationCollector.h; sourceTree = "<group>"; };
		A31FD2E71696683C002D4511 /* LRExpectationsTest.m */ = {isa = PBXFileReference; fileEncoding = 4; lastKnownFileType = sourcecode.c.objc; path = LRExpectationsTest.m; sourceTree = "<group>"; };
		A31FD2F016970BB8002D4511 /* LRExpectations.h */ = {isa = PBXFileReference; fileEncoding = 4; lastKnownFileType = sourcecode.c.h; path = LRExpectations.h; sourceTree = "<group>"; };
		A31FD2F116970BB9002D4511 /* LRExpectations.m */ = {isa = PBXFileReference; fileEncoding = 4; lastKnownFileType = sourcecode.c.objc; path = LRExpectations.m; sourceTree = "<group>"; };
		A31FD2F416970C08002D4511 /* LRExpectationBuilder.h */ = {isa = PBXFileReference; lastKnownFileType = sourcecode.c.h; path = LRExpectationBuilder.h; sourceTree = "<group>"; };
		A31FD2FB16975A39002D4511 /* LRInvocationExpectationTest.m */ = {isa = PBXFileReference; fileEncoding = 4; lastKnownFileType = sourcecode.c.objc; path = LRInvocationExpectationTest.m; sourceTree = "<group>"; };
		A31FD3051697B49D002D4511 /* LRAllParametersMatcher.h */ = {isa = PBXFileReference; fileEncoding = 4; lastKnownFileType = sourcecode.c.h; path = LRAllParametersMatcher.h; sourceTree = "<group>"; };
		A31FD3061697B49D002D4511 /* LRAllParametersMatcher.m */ = {isa = PBXFileReference; fileEncoding = 4; lastKnownFileType = sourcecode.c.objc; path = LRAllParametersMatcher.m; sourceTree = "<group>"; };
		A31FD30B1697B59E002D4511 /* NSInvocation+Conveniences.h */ = {isa = PBXFileReference; fileEncoding = 4; lastKnownFileType = sourcecode.c.h; path = "NSInvocation+Conveniences.h"; sourceTree = "<group>"; };
		A31FD30C1697B59E002D4511 /* NSInvocation+Conveniences.m */ = {isa = PBXFileReference; fileEncoding = 4; lastKnownFileType = sourcecode.c.objc; path = "NSInvocation+Conveniences.m"; sourceTree = "<group>"; };
		A31FD3281699043C002D4511 /* LRExpectationActionSyntax.h */ = {isa = PBXFileReference; lastKnownFileType = sourcecode.c.h; path = LRExpectationActionSyntax.h; sourceTree = "<group>"; };
		A31FD32A16990600002D4511 /* LRExpectationActions.h */ = {isa = PBXFileReference; fileEncoding = 4; lastKnownFileType = sourcecode.c.h; path = LRExpectationActions.h; sourceTree = "<group>"; };
		A31FD32B16990604002D4511 /* LRExpectationActions.m */ = {isa = PBXFileReference; fileEncoding = 4; lastKnownFileType = sourcecode.c.objc; path = LRExpectationActions.m; sourceTree = "<group>"; };
		A31FD32E169906F8002D4511 /* LRExpectationActionCollector.h */ = {isa = PBXFileReference; lastKnownFileType = sourcecode.c.h; path = LRExpectationActionCollector.h; sourceTree = "<group>"; };
		A31FD33016990C10002D4511 /* LRCompositeAction.h */ = {isa = PBXFileReference; fileEncoding = 4; lastKnownFileType = sourcecode.c.h; path = LRCompositeAction.h; sourceTree = "<group>"; };
		A31FD33116990C12002D4511 /* LRCompositeAction.m */ = {isa = PBXFileReference; fileEncoding = 4; lastKnownFileType = sourcecode.c.objc; path = LRCompositeAction.m; sourceTree = "<group>"; };
		A31FD33516990EF2002D4511 /* NSInvocation+BlockArguments.h */ = {isa = PBXFileReference; fileEncoding = 4; lastKnownFileType = sourcecode.c.h; path = "NSInvocation+BlockArguments.h"; sourceTree = "<group>"; };
		A31FD33616990EF2002D4511 /* NSInvocation+BlockArguments.m */ = {isa = PBXFileReference; fileEncoding = 4; lastKnownFileType = sourcecode.c.objc; path = "NSInvocation+BlockArguments.m"; sourceTree = "<group>"; };
		A31FD3431699122C002D4511 /* libPods-osx.a */ = {isa = PBXFileReference; lastKnownFileType = archive.ar; name = "libPods-osx.a"; path = "../../../../Library/Developer/Xcode/DerivedData/Mocky-awvbrhvldukpccebypapggudtzvg/Build/Products/Debug/libPods-osx.a"; sourceTree = "<group>"; };
		A31FD3491699180A002D4511 /* LRExpectationConstraints.h */ = {isa = PBXFileReference; fileEncoding = 4; lastKnownFileType = sourcecode.c.h; path = LRExpectationConstraints.h; sourceTree = "<group>"; };
		A31FD34A1699180C002D4511 /* LRExpectationConstraints.m */ = {isa = PBXFileReference; fileEncoding = 4; lastKnownFileType = sourcecode.c.objc; path = LRExpectationConstraints.m; sourceTree = "<group>"; };
		A31FD35D16992239002D4511 /* libPods-osx.a */ = {isa = PBXFileReference; lastKnownFileType = archive.ar; name = "libPods-osx.a"; path = "../../../Library/Developer/Xcode/DerivedData/Mocky-awvbrhvldukpccebypapggudtzvg/Build/Products/Debug/libPods-osx.a"; sourceTree = "<group>"; };
		A3289A3A122C73B100D89A88 /* LRNotificationExpectation.h */ = {isa = PBXFileReference; fileEncoding = 4; lastKnownFileType = sourcecode.c.h; path = LRNotificationExpectation.h; sourceTree = "<group>"; };
		A3289A3B122C73B100D89A88 /* LRNotificationExpectation.m */ = {isa = PBXFileReference; fileEncoding = 4; lastKnownFileType = sourcecode.c.objc; path = LRNotificationExpectation.m; sourceTree = "<group>"; };
		A3289A53122C744700D89A88 /* NotificationExpectationTests.m */ = {isa = PBXFileReference; fileEncoding = 4; lastKnownFileType = sourcecode.c.objc; path = NotificationExpectationTests.m; sourceTree = "<group>"; };
		A32E0C6012070555009B4C81 /* NSException_SenTestFailure.h */ = {isa = PBXFileReference; fileEncoding = 4; lastKnownFileType = sourcecode.c.h; path = NSException_SenTestFailure.h; sourceTree = "<group>"; };
		A3385A2512024D08006E95AB /* LRMockyStatesTest.m */ = {isa = PBXFileReference; fileEncoding = 4; lastKnownFileType = sourcecode.c.objc; path = LRMockyStatesTest.m; sourceTree = "<group>"; };
		A3385AC612026269006E95AB /* LRMockyStateMachine.h */ = {isa = PBXFileReference; fileEncoding = 4; lastKnownFileType = sourcecode.c.h; path = LRMockyStateMachine.h; sourceTree = "<group>"; };
		A3385AC712026269006E95AB /* LRMockyStateMachine.m */ = {isa = PBXFileReference; fileEncoding = 4; lastKnownFileType = sourcecode.c.objc; path = LRMockyStateMachine.m; sourceTree = "<group>"; };
		A3385AC912026273006E95AB /* LRMockyState.h */ = {isa = PBXFileReference; fileEncoding = 4; lastKnownFileType = sourcecode.c.h; path = LRMockyState.h; sourceTree = "<group>"; };
		A3385ACA12026274006E95AB /* LRMockyState.m */ = {isa = PBXFileReference; fileEncoding = 4; lastKnownFileType = sourcecode.c.objc; path = LRMockyState.m; sourceTree = "<group>"; };
		A3385ACC1202627E006E95AB /* LRMockyStateTransitionAction.h */ = {isa = PBXFileReference; fileEncoding = 4; lastKnownFileType = sourcecode.c.h; path = LRMockyStateTransitionAction.h; sourceTree = "<group>"; };
		A3385ACD1202627E006E95AB /* LRMockyStateTransitionAction.m */ = {isa = PBXFileReference; fileEncoding = 4; lastKnownFileType = sourcecode.c.objc; path = LRMockyStateTransitionAction.m; sourceTree = "<group>"; };
		A3464E7F11F279020080B46B /* Tests-Info.plist */ = {isa = PBXFileReference; lastKnownFileType = text.plist.xml; path = "Tests-Info.plist"; sourceTree = "<group>"; };
		A3464E8C11F2794A0080B46B /* SimpleExpectationTests.m */ = {isa = PBXFileReference; fileEncoding = 4; lastKnownFileType = sourcecode.c.objc; path = SimpleExpectationTests.m; sourceTree = "<group>"; };
		A346500011F2937D0080B46B /* TestHelper.h */ = {isa = PBXFileReference; fileEncoding = 4; lastKnownFileType = sourcecode.c.h; path = TestHelper.h; sourceTree = "<group>"; };
		A346500111F2937D0080B46B /* TestHelper.m */ = {isa = PBXFileReference; fileEncoding = 4; lastKnownFileType = sourcecode.c.objc; path = TestHelper.m; sourceTree = "<group>"; };
		A34650D311F857680080B46B /* LRMockeryTest.m */ = {isa = PBXFileReference; fileEncoding = 4; lastKnownFileType = sourcecode.c.objc; path = LRMockeryTest.m; sourceTree = "<group>"; };
		A35D65B611FF2C3F00F0C310 /* LRInvocationComparitorTest.m */ = {isa = PBXFileReference; fileEncoding = 4; lastKnownFileType = sourcecode.c.objc; path = LRInvocationComparitorTest.m; sourceTree = "<group>"; };
		A35D667B11FF508B00F0C310 /* CardinalityTests.m */ = {isa = PBXFileReference; fileEncoding = 4; lastKnownFileType = sourcecode.c.objc; path = CardinalityTests.m; sourceTree = "<group>"; };
		A36F414A142962C4004EAA45 /* LRHamcrestSupport.h */ = {isa = PBXFileReference; fileEncoding = 4; lastKnownFileType = sourcecode.c.h; path = LRHamcrestSupport.h; sourceTree = "<group>"; };
		A36F415214296449004EAA45 /* HCBlockMatcher.h */ = {isa = PBXFileReference; fileEncoding = 4; lastKnownFileType = sourcecode.c.h; name = HCBlockMatcher.h; path = "Hamcrest-Extensions/HCBlockMatcher.h"; sourceTree = "<group>"; };
		A36F415314296449004EAA45 /* HCBlockMatcher.m */ = {isa = PBXFileReference; fileEncoding = 4; lastKnownFileType = sourcecode.c.objc; name = HCBlockMatcher.m; path = "Hamcrest-Extensions/HCBlockMatcher.m"; sourceTree = "<group>"; };
		A36FDBB411FFBB6E004A08F4 /* Example Tests.octest */ = {isa = PBXFileReference; explicitFileType = wrapper.cfbundle; includeInIndex = 0; path = "Example Tests.octest"; sourceTree = BUILT_PRODUCTS_DIR; };
		A36FDBB511FFBB6E004A08F4 /* Example Tests-Info.plist */ = {isa = PBXFileReference; lastKnownFileType = text.plist.xml; path = "Example Tests-Info.plist"; sourceTree = "<group>"; };
		A381A25212243FAC00FA2A5C /* ProtocolMockTests.m */ = {isa = PBXFileReference; fileEncoding = 4; lastKnownFileType = sourcecode.c.objc; path = ProtocolMockTests.m; sourceTree = "<group>"; };
		A391554711FF5F0900FE7C49 /* LRExpectationCardinality.h */ = {isa = PBXFileReference; fileEncoding = 4; lastKnownFileType = sourcecode.c.h; path = LRExpectationCardinality.h; sourceTree = "<group>"; };
		A391554811FF5F0900FE7C49 /* LRExpectationCardinality.m */ = {isa = PBXFileReference; fileEncoding = 4; lastKnownFileType = sourcecode.c.objc; path = LRExpectationCardinality.m; sourceTree = "<group>"; };
		A391557A11FF670500FE7C49 /* LRDescribable.h */ = {isa = PBXFileReference; fileEncoding = 4; lastKnownFileType = sourcecode.c.h; name = LRDescribable.h; path = ../LRDescribable.h; sourceTree = "<group>"; };
		A39155B611FFAEF000FE7C49 /* NSInvocation+OCMAdditions.h */ = {isa = PBXFileReference; fileEncoding = 4; lastKnownFileType = sourcecode.c.h; path = "NSInvocation+OCMAdditions.h"; sourceTree = "<group>"; };
		A39155B711FFAEF000FE7C49 /* NSInvocation+OCMAdditions.m */ = {isa = PBXFileReference; fileEncoding = 4; lastKnownFileType = sourcecode.c.objc; path = "NSInvocation+OCMAdditions.m"; sourceTree = "<group>"; };
		A3943E0A11FFBBAB007FE700 /* BasicExamples.m */ = {isa = PBXFileReference; fileEncoding = 4; lastKnownFileType = sourcecode.c.objc; path = BasicExamples.m; sourceTree = "<group>"; };
		A3C66A2A120244F20004F78B /* StateMachineTests.m */ = {isa = PBXFileReference; fileEncoding = 4; lastKnownFileType = sourcecode.c.objc; path = StateMachineTests.m; sourceTree = "<group>"; };
		A3C66A42120249240004F78B /* LRMockyStates.h */ = {isa = PBXFileReference; fileEncoding = 4; lastKnownFileType = sourcecode.c.h; path = LRMockyStates.h; sourceTree = "<group>"; };
		A3C707F711FDDFE0000D2A8C /* ExpectationActionsTest.m */ = {isa = PBXFileReference; fileEncoding = 4; lastKnownFileType = sourcecode.c.objc; path = ExpectationActionsTest.m; sourceTree = "<group>"; };
		A3D496D91210CF910076940C /* ExpectationsWithDifferentArgumentsTest.m */ = {isa = PBXFileReference; fileEncoding = 4; lastKnownFileType = sourcecode.c.objc; path = ExpectationsWithDifferentArgumentsTest.m; sourceTree = "<group>"; };
		A3E4288D1695E16800780641 /* LRMockObject.h */ = {isa = PBXFileReference; fileEncoding = 4; lastKnownFileType = sourcecode.c.h; path = LRMockObject.h; sourceTree = "<group>"; };
		A3E4288E1695E16800780641 /* LRMockObject.m */ = {isa = PBXFileReference; fileEncoding = 4; lastKnownFileType = sourcecode.c.objc; path = LRMockObject.m; sourceTree = "<group>"; };
		A3E428911695E1A500780641 /* LRInvocationDispatcher.h */ = {isa = PBXFileReference; lastKnownFileType = sourcecode.c.h; path = LRInvocationDispatcher.h; sourceTree = "<group>"; };
		A3E428921695E1DD00780641 /* LRInvokable.h */ = {isa = PBXFileReference; lastKnownFileType = sourcecode.c.h; path = LRInvokable.h; sourceTree = "<group>"; };
		A3E428931695E22F00780641 /* LRReflectionImposterizer.h */ = {isa = PBXFileReference; fileEncoding = 4; lastKnownFileType = sourcecode.c.h; path = LRReflectionImposterizer.h; sourceTree = "<group>"; };
		A3E428941695E23000780641 /* LRReflectionImposterizer.m */ = {isa = PBXFileReference; fileEncoding = 4; lastKnownFileType = sourcecode.c.objc; path = LRReflectionImposterizer.m; sourceTree = "<group>"; };
		A3E428971695E24B00780641 /* LRImposterizer.h */ = {isa = PBXFileReference; lastKnownFileType = sourcecode.c.h; path = LRImposterizer.h; sourceTree = "<group>"; };
		A3E4289E1695E32300780641 /* Mocky-OSX.framework */ = {isa = PBXFileReference; explicitFileType = wrapper.framework; includeInIndex = 0; path = "Mocky-OSX.framework"; sourceTree = BUILT_PRODUCTS_DIR; };
		A3E428A21695E32300780641 /* AppKit.framework */ = {isa = PBXFileReference; lastKnownFileType = wrapper.framework; name = AppKit.framework; path = Library/Frameworks/AppKit.framework; sourceTree = SDKROOT; };
		A3E428A31695E32300780641 /* CoreData.framework */ = {isa = PBXFileReference; lastKnownFileType = wrapper.framework; name = CoreData.framework; path = Library/Frameworks/CoreData.framework; sourceTree = SDKROOT; };
		A3E428A41695E32300780641 /* Foundation.framework */ = {isa = PBXFileReference; lastKnownFileType = wrapper.framework; name = Foundation.framework; path = Library/Frameworks/Foundation.framework; sourceTree = SDKROOT; };
		A3E428A71695E32300780641 /* Mocky-OSX-Info.plist */ = {isa = PBXFileReference; lastKnownFileType = text.plist.xml; path = "Mocky-OSX-Info.plist"; sourceTree = "<group>"; };
		A3E428A91695E32300780641 /* en */ = {isa = PBXFileReference; lastKnownFileType = text.plist.strings; name = en; path = en.lproj/InfoPlist.strings; sourceTree = "<group>"; };
		A3E428AB1695E32300780641 /* Mocky-OSX-Prefix.pch */ = {isa = PBXFileReference; lastKnownFileType = sourcecode.c.h; path = "Mocky-OSX-Prefix.pch"; sourceTree = "<group>"; };
		A3E428AC1695E32300780641 /* Mocky_OSX.h */ = {isa = PBXFileReference; lastKnownFileType = sourcecode.c.h; path = Mocky_OSX.h; sourceTree = "<group>"; };
		A3E428AD1695E32300780641 /* Mocky_OSX.m */ = {isa = PBXFileReference; lastKnownFileType = sourcecode.c.objc; path = Mocky_OSX.m; sourceTree = "<group>"; };
		A3EE4EF511FE5D64002DA61D /* LRConsecutiveCallAction.h */ = {isa = PBXFileReference; fileEncoding = 4; lastKnownFileType = sourcecode.c.h; path = LRConsecutiveCallAction.h; sourceTree = "<group>"; };
		A3EE4EF611FE5D64002DA61D /* LRConsecutiveCallAction.m */ = {isa = PBXFileReference; fileEncoding = 4; lastKnownFileType = sourcecode.c.objc; path = LRConsecutiveCallAction.m; sourceTree = "<group>"; };
		A3EE4F5111FF1B7C002DA61D /* HamcrestIntegrationTest.m */ = {isa = PBXFileReference; fileEncoding = 4; lastKnownFileType = sourcecode.c.objc; path = HamcrestIntegrationTest.m; sourceTree = "<group>"; };
		A3EE4F5711FF1C0F002DA61D /* FunctionalMockeryTestCase.h */ = {isa = PBXFileReference; fileEncoding = 4; lastKnownFileType = sourcecode.c.h; path = FunctionalMockeryTestCase.h; sourceTree = "<group>"; };
		A3EE4F5811FF1C0F002DA61D /* FunctionalMockeryTestCase.m */ = {isa = PBXFileReference; fileEncoding = 4; lastKnownFileType = sourcecode.c.objc; path = FunctionalMockeryTestCase.m; sourceTree = "<group>"; };
		A3F962421505869F003051DD /* LRMockyAutomation.h */ = {isa = PBXFileReference; fileEncoding = 4; lastKnownFileType = sourcecode.c.h; path = LRMockyAutomation.h; sourceTree = "<group>"; };
		A3F962431505869F003051DD /* LRMockyAutomation.m */ = {isa = PBXFileReference; fileEncoding = 4; lastKnownFileType = sourcecode.c.objc; path = LRMockyAutomation.m; sourceTree = "<group>"; };
		AA747D9E0F9514B9006C5449 /* Mocky_Prefix.pch */ = {isa = PBXFileReference; fileEncoding = 4; lastKnownFileType = sourcecode.c.h; path = Mocky_Prefix.pch; sourceTree = "<group>"; };
		AACBBE490F95108600F1A2B1 /* Foundation.framework */ = {isa = PBXFileReference; lastKnownFileType = wrapper.framework; name = Foundation.framework; path = System/Library/Frameworks/Foundation.framework; sourceTree = SDKROOT; };
		D2AAC07E0554694100DB518D /* libMocky.a */ = {isa = PBXFileReference; explicitFileType = archive.ar; includeInIndex = 0; path = libMocky.a; sourceTree = BUILT_PRODUCTS_DIR; };
/* End PBXFileReference section */

/* Begin PBXFrameworksBuildPhase section */
		A319BB7B1695A414003BB49A /* Frameworks */ = {
			isa = PBXFrameworksBuildPhase;
			buildActionMask = 2147483647;
			files = (
				A3E428B41695E34900780641 /* Mocky-OSX.framework in Frameworks */,
				A319BB9D1695A584003BB49A /* SenTestingKit.framework in Frameworks */,
				A319BB961695A469003BB49A /* Foundation.framework in Frameworks */,
				A31FD34616991243002D4511 /* libPods-osx.a in Frameworks */,
			);
			runOnlyForDeploymentPostprocessing = 0;
		};
		A31FD2B316965C5C002D4511 /* Frameworks */ = {
			isa = PBXFrameworksBuildPhase;
			buildActionMask = 2147483647;
			files = (
				A31FD2CF16965CD9002D4511 /* Mocky-OSX.framework in Frameworks */,
				A31FD2CE16965C96002D4511 /* Foundation.framework in Frameworks */,
				A31FD2B816965C5C002D4511 /* SenTestingKit.framework in Frameworks */,
				A31FD34716991243002D4511 /* libPods-osx.a in Frameworks */,
			);
			runOnlyForDeploymentPostprocessing = 0;
		};
		A36FDBB111FFBB6E004A08F4 /* Frameworks */ = {
			isa = PBXFrameworksBuildPhase;
			buildActionMask = 2147483647;
			files = (
				A31FD3531699205E002D4511 /* Mocky-OSX.framework in Frameworks */,
				A31FD3501699204D002D4511 /* Foundation.framework in Frameworks */,
				A31FD35116992054002D4511 /* SenTestingKit.framework in Frameworks */,
			);
			runOnlyForDeploymentPostprocessing = 0;
		};
		A3E4289A1695E32300780641 /* Frameworks */ = {
			isa = PBXFrameworksBuildPhase;
			buildActionMask = 2147483647;
			files = (
				A31FD35E1699223A002D4511 /* libPods-osx.a in Frameworks */,
				A3E428B51695E37E00780641 /* Foundation.framework in Frameworks */,
			);
			runOnlyForDeploymentPostprocessing = 0;
		};
		D2AAC07C0554694100DB518D /* Frameworks */ = {
			isa = PBXFrameworksBuildPhase;
			buildActionMask = 2147483647;
			files = (
				AACBBE4A0F95108600F1A2B1 /* Foundation.framework in Frameworks */,
				7DED459037CC411CBCB4518D /* libPods-ios.a in Frameworks */,
			);
			runOnlyForDeploymentPostprocessing = 0;
		};
/* End PBXFrameworksBuildPhase section */

/* Begin PBXGroup section */
		034768DFFF38A50411DB9C8B /* Products */ = {
			isa = PBXGroup;
			children = (
				D2AAC07E0554694100DB518D /* libMocky.a */,
				A36FDBB411FFBB6E004A08F4 /* Example Tests.octest */,
				A319BB7F1695A414003BB49A /* UnitTests.octest */,
				A3E4289E1695E32300780641 /* Mocky-OSX.framework */,
				A31FD2B716965C5C002D4511 /* FunctionalTests.octest */,
			);
			name = Products;
			sourceTree = "<group>";
		};
		0867D691FE84028FC02AAC07 /* LRMiniTestKit */ = {
			isa = PBXGroup;
			children = (
				A31FD35D16992239002D4511 /* libPods-osx.a */,
				A3943E0911FFBB99007FE700 /* Examples */,
				A30176EE11FE017E004828C5 /* Vendor */,
				08FB77AEFE84172EC02AAC07 /* Classes */,
				A3464D1311F23CC90080B46B /* Tests */,
				32C88DFF0371C24200C91783 /* Other Sources */,
				A3E428A51695E32300780641 /* Mocky-OSX */,
				0867D69AFE84028FC02AAC07 /* Frameworks */,
				034768DFFF38A50411DB9C8B /* Products */,
				A31562FB150434A1006949E6 /* Pods Support */,
			);
			name = LRMiniTestKit;
			sourceTree = "<group>";
		};
		0867D69AFE84028FC02AAC07 /* Frameworks */ = {
			isa = PBXGroup;
			children = (
				A319BB9C1695A584003BB49A /* SenTestingKit.framework */,
				A319BB951695A469003BB49A /* Foundation.framework */,
				AACBBE490F95108600F1A2B1 /* Foundation.framework */,
				A3E428A11695E32300780641 /* Other Frameworks */,
				228D1BB905C942619A74305D /* libPods-ios.a */,
				A31FD3431699122C002D4511 /* libPods-osx.a */,
			);
			path = Frameworks;
			sourceTree = "<group>";
		};
		08FB77AEFE84172EC02AAC07 /* Classes */ = {
			isa = PBXGroup;
			children = (
				A301768711FDEEFC004828C5 /* LRMocky */,
				A301767511FDEB9C004828C5 /* LRMocky.h */,
			);
			path = Classes;
			sourceTree = "<group>";
		};
		32C88DFF0371C24200C91783 /* Other Sources */ = {
			isa = PBXGroup;
			children = (
				A3464E7F11F279020080B46B /* Tests-Info.plist */,
				A36FDBB511FFBB6E004A08F4 /* Example Tests-Info.plist */,
				AA747D9E0F9514B9006C5449 /* Mocky_Prefix.pch */,
			);
			name = "Other Sources";
			sourceTree = "<group>";
		};
		A301768711FDEEFC004828C5 /* LRMocky */ = {
			isa = PBXGroup;
			children = (
				A31FD34016991069002D4511 /* Core */,
				A31FD33F16990FF3002D4511 /* Internal */,
				A31FD30A1697B583002D4511 /* Categories */,
				A32E0C5C12070477009B4C81 /* Integration */,
				A3385AC512026244006E95AB /* States */,
				A30176CF11FDFCC7004828C5 /* Expectations */,
				A30176B011FDEF01004828C5 /* Actions */,
			);
			path = LRMocky;
			sourceTree = "<group>";
		};
		A30176B011FDEF01004828C5 /* Actions */ = {
			isa = PBXGroup;
			children = (
				A301768911FDEEFC004828C5 /* LRExpectationAction.h */,
				A31FD32E169906F8002D4511 /* LRExpectationActionCollector.h */,
				A31FD3281699043C002D4511 /* LRExpectationActionSyntax.h */,
				A31FD32A16990600002D4511 /* LRExpectationActions.h */,
				A31FD32B16990604002D4511 /* LRExpectationActions.m */,
				A301769411FDEEFC004828C5 /* LRPerformBlockAction.h */,
				A301769511FDEEFC004828C5 /* LRPerformBlockAction.m */,
				A3EE4EF511FE5D64002DA61D /* LRConsecutiveCallAction.h */,
				A3EE4EF611FE5D64002DA61D /* LRConsecutiveCallAction.m */,
				A31FD33016990C10002D4511 /* LRCompositeAction.h */,
				A31FD33116990C12002D4511 /* LRCompositeAction.m */,
			);
			name = Actions;
			sourceTree = "<group>";
		};
		A30176CF11FDFCC7004828C5 /* Expectations */ = {
			isa = PBXGroup;
			children = (
				A31FD2FE1697B3B9002D4511 /* Matchers */,
				A301768811FDEEFC004828C5 /* LRExpectation.h */,
				A31FD28D1696260D002D4511 /* LRExpectationCapture.h */,
				A31FD2E0169661E1002D4511 /* LRExpectationCollector.h */,
				A301768E11FDEEFC004828C5 /* LRInvocationExpectation.h */,
				A301768F11FDEEFC004828C5 /* LRInvocationExpectation.m */,
				A301769A11FDEEFC004828C5 /* LRUnexpectedInvocation.h */,
				A301769B11FDEEFC004828C5 /* LRUnexpectedInvocation.m */,
				A391554711FF5F0900FE7C49 /* LRExpectationCardinality.h */,
				A391554811FF5F0900FE7C49 /* LRExpectationCardinality.m */,
				A3289A3A122C73B100D89A88 /* LRNotificationExpectation.h */,
				A3289A3B122C73B100D89A88 /* LRNotificationExpectation.m */,
				A31FD2F416970C08002D4511 /* LRExpectationBuilder.h */,
				A301768A11FDEEFC004828C5 /* LRInvocationExpectationBuilder.h */,
				A301768B11FDEEFC004828C5 /* LRInvocationExpectationBuilder.m */,
				A31FD28E169626E6002D4511 /* LRInvocationToExpectationTranslator.h */,
				A31FD28F169626E6002D4511 /* LRInvocationToExpectationTranslator.m */,
				A31FD3491699180A002D4511 /* LRExpectationConstraints.h */,
				A31FD34A1699180C002D4511 /* LRExpectationConstraints.m */,
			);
			name = Expectations;
			sourceTree = "<group>";
		};
		A30176EE11FE017E004828C5 /* Vendor */ = {
			isa = PBXGroup;
			children = (
				A32E0C6012070555009B4C81 /* NSException_SenTestFailure.h */,
				A39155B611FFAEF000FE7C49 /* NSInvocation+OCMAdditions.h */,
				A39155B711FFAEF000FE7C49 /* NSInvocation+OCMAdditions.m */,
			);
			path = Vendor;
			sourceTree = "<group>";
		};
		A31562FB150434A1006949E6 /* Pods Support */ = {
			isa = PBXGroup;
			children = (
				2A31DAE89AAD44DE9CD7A062 /* Pods-ios.xcconfig */,
				592A5255E4E0402AA826189E /* Pods-osx.xcconfig */,
			);
			name = "Pods Support";
			sourceTree = "<group>";
		};
		A31FD2FE1697B3B9002D4511 /* Matchers */ = {
			isa = PBXGroup;
			children = (
				A31FD3051697B49D002D4511 /* LRAllParametersMatcher.h */,
				A31FD3061697B49D002D4511 /* LRAllParametersMatcher.m */,
			);
			name = Matchers;
			sourceTree = "<group>";
		};
		A31FD30A1697B583002D4511 /* Categories */ = {
			isa = PBXGroup;
			children = (
				A31FD30B1697B59E002D4511 /* NSInvocation+Conveniences.h */,
				A31FD30C1697B59E002D4511 /* NSInvocation+Conveniences.m */,
				A31FD33516990EF2002D4511 /* NSInvocation+BlockArguments.h */,
				A31FD33616990EF2002D4511 /* NSInvocation+BlockArguments.m */,
			);
			name = Categories;
			sourceTree = "<group>";
		};
		A31FD33F16990FF3002D4511 /* Internal */ = {
			isa = PBXGroup;
			children = (
				A391557A11FF670500FE7C49 /* LRDescribable.h */,
				A3C66A42120249240004F78B /* LRMockyStates.h */,
				A36F414A142962C4004EAA45 /* LRHamcrestSupport.h */,
				A31FD29716965062002D4511 /* LRUnexpectedInvocationException.h */,
				A31FD29816965062002D4511 /* LRUnexpectedInvocationException.m */,
				A3E428911695E1A500780641 /* LRInvocationDispatcher.h */,
				A3E428921695E1DD00780641 /* LRInvokable.h */,
				A3E428971695E24B00780641 /* LRImposterizer.h */,
				A3E428931695E22F00780641 /* LRReflectionImposterizer.h */,
				A3E428941695E23000780641 /* LRReflectionImposterizer.m */,
				A3E4288D1695E16800780641 /* LRMockObject.h */,
				A3E4288E1695E16800780641 /* LRMockObject.m */,
			);
			name = Internal;
			sourceTree = "<group>";
		};
		A31FD34016991069002D4511 /* Core */ = {
			isa = PBXGroup;
			children = (
				A301769011FDEEFC004828C5 /* LRMockery.h */,
				A301769111FDEEFC004828C5 /* LRMockery.m */,
				A31FD2F016970BB8002D4511 /* LRExpectations.h */,
				A31FD2F116970BB9002D4511 /* LRExpectations.m */,
			);
			name = Core;
			sourceTree = "<group>";
		};
		A32E0C5C12070477009B4C81 /* Integration */ = {
			isa = PBXGroup;
			children = (
				A3F962421505869F003051DD /* LRMockyAutomation.h */,
				A3F962431505869F003051DD /* LRMockyAutomation.m */,
				A301769811FDEEFC004828C5 /* LRTestCase.h */,
				A301769911FDEEFC004828C5 /* LRTestCase.m */,
			);
			name = Integration;
			sourceTree = "<group>";
		};
		A3385AC512026244006E95AB /* States */ = {
			isa = PBXGroup;
			children = (
				A3385AC612026269006E95AB /* LRMockyStateMachine.h */,
				A3385AC712026269006E95AB /* LRMockyStateMachine.m */,
				A3385AC912026273006E95AB /* LRMockyState.h */,
				A3385ACA12026274006E95AB /* LRMockyState.m */,
				A3385ACC1202627E006E95AB /* LRMockyStateTransitionAction.h */,
				A3385ACD1202627E006E95AB /* LRMockyStateTransitionAction.m */,
			);
			name = States;
			sourceTree = "<group>";
		};
		A3464D1311F23CC90080B46B /* Tests */ = {
			isa = PBXGroup;
			children = (
				A346500311F293810080B46B /* Support */,
				A3464F8911F289260080B46B /* Unit Tests */,
				A3464F8811F289100080B46B /* Functional */,
			);
			path = Tests;
			sourceTree = "<group>";
		};
		A3464F8811F289100080B46B /* Functional */ = {
			isa = PBXGroup;
			children = (
				A3464E8C11F2794A0080B46B /* SimpleExpectationTests.m */,
				A3C707F711FDDFE0000D2A8C /* ExpectationActionsTest.m */,
				A3EE4F5111FF1B7C002DA61D /* HamcrestIntegrationTest.m */,
				A35D667B11FF508B00F0C310 /* CardinalityTests.m */,
				A3C66A2A120244F20004F78B /* StateMachineTests.m */,
				A3D496D91210CF910076940C /* ExpectationsWithDifferentArgumentsTest.m */,
				A381A25212243FAC00FA2A5C /* ProtocolMockTests.m */,
				A3289A53122C744700D89A88 /* NotificationExpectationTests.m */,
			);
			name = Functional;
			sourceTree = "<group>";
		};
		A3464F8911F289260080B46B /* Unit Tests */ = {
			isa = PBXGroup;
			children = (
				A31FD2E71696683C002D4511 /* LRExpectationsTest.m */,
				A31FD286169623B4002D4511 /* LRInvocationToExpectationTranslatorTest.m */,
				A319BB971695A4BF003BB49A /* LRMockObjectTest.m */,
				A319BB9E1695AB7C003BB49A /* LRReflectionImposterizerTest.m */,
				A34650D311F857680080B46B /* LRMockeryTest.m */,
				A35D65B611FF2C3F00F0C310 /* LRInvocationComparitorTest.m */,
				A3385A2512024D08006E95AB /* LRMockyStatesTest.m */,
				A31FD2FB16975A39002D4511 /* LRInvocationExpectationTest.m */,
			);
			name = "Unit Tests";
			sourceTree = "<group>";
		};
		A346500311F293810080B46B /* Support */ = {
			isa = PBXGroup;
			children = (
				A381A2F012244DC400FA2A5C /* Hamcrest-Extensions */,
				A3EE4F5711FF1C0F002DA61D /* FunctionalMockeryTestCase.h */,
				A3EE4F5811FF1C0F002DA61D /* FunctionalMockeryTestCase.m */,
				A346500011F2937D0080B46B /* TestHelper.h */,
				A346500111F2937D0080B46B /* TestHelper.m */,
				A31FD28916962532002D4511 /* TestUtilities.h */,
				A31FD28A16962533002D4511 /* TestUtilities.m */,
			);
			name = Support;
			sourceTree = "<group>";
		};
		A381A2F012244DC400FA2A5C /* Hamcrest-Extensions */ = {
			isa = PBXGroup;
			children = (
				A36F415214296449004EAA45 /* HCBlockMatcher.h */,
				A36F415314296449004EAA45 /* HCBlockMatcher.m */,
			);
			name = "Hamcrest-Extensions";
			path = ../Vendor;
			sourceTree = "<group>";
		};
		A3943E0911FFBB99007FE700 /* Examples */ = {
			isa = PBXGroup;
			children = (
				A3943E0A11FFBBAB007FE700 /* BasicExamples.m */,
			);
			name = Examples;
			sourceTree = "<group>";
		};
		A3E428A11695E32300780641 /* Other Frameworks */ = {
			isa = PBXGroup;
			children = (
				A3E428A21695E32300780641 /* AppKit.framework */,
				A3E428A31695E32300780641 /* CoreData.framework */,
				A3E428A41695E32300780641 /* Foundation.framework */,
			);
			name = "Other Frameworks";
			sourceTree = "<group>";
		};
		A3E428A51695E32300780641 /* Mocky-OSX */ = {
			isa = PBXGroup;
			children = (
				A3E428AC1695E32300780641 /* Mocky_OSX.h */,
				A3E428AD1695E32300780641 /* Mocky_OSX.m */,
				A3E428A61695E32300780641 /* Supporting Files */,
			);
			path = "Mocky-OSX";
			sourceTree = "<group>";
		};
		A3E428A61695E32300780641 /* Supporting Files */ = {
			isa = PBXGroup;
			children = (
				A3E428A71695E32300780641 /* Mocky-OSX-Info.plist */,
				A3E428A81695E32300780641 /* InfoPlist.strings */,
				A3E428AB1695E32300780641 /* Mocky-OSX-Prefix.pch */,
			);
			name = "Supporting Files";
			sourceTree = "<group>";
		};
/* End PBXGroup section */

/* Begin PBXHeadersBuildPhase section */
		A3E4289B1695E32300780641 /* Headers */ = {
			isa = PBXHeadersBuildPhase;
			buildActionMask = 2147483647;
			files = (
			);
			runOnlyForDeploymentPostprocessing = 0;
		};
		D2AAC07A0554694100DB518D /* Headers */ = {
			isa = PBXHeadersBuildPhase;
			buildActionMask = 2147483647;
			files = (
				A3C805921207139A00BA64E7 /* LRMockyStateMachine.h in Headers */,
				A3C805931207139A00BA64E7 /* LRMockyState.h in Headers */,
				A3C805941207139A00BA64E7 /* LRMockyStateTransitionAction.h in Headers */,
				A381A20312243C1400FA2A5C /* LRMockyStates.h in Headers */,
				A381A20112243C0100FA2A5C /* LRConsecutiveCallAction.h in Headers */,
				A381A1FB12243BF200FA2A5C /* LRDescribable.h in Headers */,
				A381A1FA12243BE900FA2A5C /* LRExpectationAction.h in Headers */,
				A32E0C6112070555009B4C81 /* NSException_SenTestFailure.h in Headers */,
				A30176AC11FDEEFC004828C5 /* LRTestCase.h in Headers */,
				A3C805951207139A00BA64E7 /* LRExpectation.h in Headers */,
				A3C805961207139A00BA64E7 /* LRInvocationExpectation.h in Headers */,
				A3C805971207139A00BA64E7 /* LRUnexpectedInvocation.h in Headers */,
				A3C805981207139A00BA64E7 /* LRExpectationCardinality.h in Headers */,
				A301767E11FDEC22004828C5 /* LRMocky.h in Headers */,
				AA747D9F0F9514B9006C5449 /* Mocky_Prefix.pch in Headers */,
				A301769E11FDEEFC004828C5 /* LRInvocationExpectationBuilder.h in Headers */,
				A30176A411FDEEFC004828C5 /* LRMockery.h in Headers */,
				A30176A811FDEEFC004828C5 /* LRPerformBlockAction.h in Headers */,
				A39155B811FFAEF000FE7C49 /* NSInvocation+OCMAdditions.h in Headers */,
				A3289A3C122C73B100D89A88 /* LRNotificationExpectation.h in Headers */,
				A36F414B142962C4004EAA45 /* LRHamcrestSupport.h in Headers */,
				A3F962441505869F003051DD /* LRMockyAutomation.h in Headers */,
				A3E4288F1695E16800780641 /* LRMockObject.h in Headers */,
				A3E428951695E23000780641 /* LRReflectionImposterizer.h in Headers */,
				A31FD2F216970BB9002D4511 /* LRExpectations.h in Headers */,
				A31FD3071697B49D002D4511 /* LRAllParametersMatcher.h in Headers */,
				A31FD30D1697B59E002D4511 /* NSInvocation+Conveniences.h in Headers */,
				A31FD32C16990608002D4511 /* LRExpectationActions.h in Headers */,
				A31FD33216990C14002D4511 /* LRCompositeAction.h in Headers */,
				A31FD33716990EF2002D4511 /* NSInvocation+BlockArguments.h in Headers */,
				A31FD34B1699180E002D4511 /* LRExpectationConstraints.h in Headers */,
			);
			runOnlyForDeploymentPostprocessing = 0;
		};
/* End PBXHeadersBuildPhase section */

/* Begin PBXNativeTarget section */
		A319BB7E1695A414003BB49A /* UnitTests */ = {
			isa = PBXNativeTarget;
			buildConfigurationList = A319BB941695A414003BB49A /* Build configuration list for PBXNativeTarget "UnitTests" */;
			buildPhases = (
				A319BB7A1695A414003BB49A /* Sources */,
				A319BB7B1695A414003BB49A /* Frameworks */,
				A319BB7C1695A414003BB49A /* Resources */,
				A319BB7D1695A414003BB49A /* ShellScript */,
				C3E69FFC86434156B10FDA74 /* Copy Pods Resources */,
			);
			buildRules = (
			);
			dependencies = (
			);
			name = UnitTests;
			productName = UnitTests;
			productReference = A319BB7F1695A414003BB49A /* UnitTests.octest */;
			productType = "com.apple.product-type.bundle";
		};
		A31FD2B616965C5C002D4511 /* FunctionalTests */ = {
			isa = PBXNativeTarget;
			buildConfigurationList = A31FD2C516965C5C002D4511 /* Build configuration list for PBXNativeTarget "FunctionalTests" */;
			buildPhases = (
				A31FD2B216965C5C002D4511 /* Sources */,
				A31FD2B316965C5C002D4511 /* Frameworks */,
				A31FD2B416965C5C002D4511 /* Resources */,
				A31FD2B516965C5C002D4511 /* ShellScript */,
				CDEF7A3E98234E269317EEA7 /* Copy Pods Resources */,
			);
			buildRules = (
			);
			dependencies = (
			);
			name = FunctionalTests;
			productName = FunctionalTests;
			productReference = A31FD2B716965C5C002D4511 /* FunctionalTests.octest */;
			productType = "com.apple.product-type.bundle";
		};
		A36FDBB311FFBB6E004A08F4 /* Examples */ = {
			isa = PBXNativeTarget;
			buildConfigurationList = A36FDBB811FFBB6F004A08F4 /* Build configuration list for PBXNativeTarget "Examples" */;
			buildPhases = (
				A36FDBAF11FFBB6E004A08F4 /* Resources */,
				A36FDBB011FFBB6E004A08F4 /* Sources */,
				A36FDBB111FFBB6E004A08F4 /* Frameworks */,
				A36FDBB211FFBB6E004A08F4 /* ShellScript */,
				415FADEA031243B9A873B6A5 /* Copy Pods Resources */,
			);
			buildRules = (
			);
			dependencies = (
				A340492C11FFBC420092E4C6 /* PBXTargetDependency */,
			);
			name = Examples;
			productName = "Example Tests";
			productReference = A36FDBB411FFBB6E004A08F4 /* Example Tests.octest */;
			productType = "com.apple.product-type.bundle";
		};
		A3E4289D1695E32300780641 /* Mocky-OSX */ = {
			isa = PBXNativeTarget;
			buildConfigurationList = A3E428AF1695E32300780641 /* Build configuration list for PBXNativeTarget "Mocky-OSX" */;
			buildPhases = (
				A3E428991695E32300780641 /* Sources */,
				A3E4289A1695E32300780641 /* Frameworks */,
				A3E4289B1695E32300780641 /* Headers */,
				A3E4289C1695E32300780641 /* Resources */,
				3E67445F27B24BED90F391DB /* Copy Pods Resources */,
				A31FD3221698F5E3002D4511 /* Export Environment */,
			);
			buildRules = (
			);
			dependencies = (
			);
			name = "Mocky-OSX";
			productName = "Mocky-OSX";
			productReference = A3E4289E1695E32300780641 /* Mocky-OSX.framework */;
			productType = "com.apple.product-type.framework";
		};
		D2AAC07D0554694100DB518D /* Mocky-iOS */ = {
			isa = PBXNativeTarget;
			buildConfigurationList = 1DEB921E08733DC00010E9CD /* Build configuration list for PBXNativeTarget "Mocky-iOS" */;
			buildPhases = (
				D2AAC07A0554694100DB518D /* Headers */,
				D2AAC07B0554694100DB518D /* Sources */,
				D2AAC07C0554694100DB518D /* Frameworks */,
				415FADEA031243B9A873B6A5 /* Copy Pods Resources */,
				91B9A40027F64A999387F93D /* Copy Pods Resources */,
			);
			buildRules = (
			);
			dependencies = (
			);
			name = "Mocky-iOS";
			productName = LRMiniTestKit;
			productReference = D2AAC07E0554694100DB518D /* libMocky.a */;
			productType = "com.apple.product-type.library.static";
		};
/* End PBXNativeTarget section */

/* Begin PBXProject section */
		0867D690FE84028FC02AAC07 /* Project object */ = {
			isa = PBXProject;
			attributes = {
				LastUpgradeCheck = 0430;
			};
			buildConfigurationList = 1DEB922208733DC00010E9CD /* Build configuration list for PBXProject "Mocky" */;
			compatibilityVersion = "Xcode 3.2";
			developmentRegion = English;
			hasScannedForEncodings = 1;
			knownRegions = (
				en,
			);
			mainGroup = 0867D691FE84028FC02AAC07 /* LRMiniTestKit */;
			productRefGroup = 034768DFFF38A50411DB9C8B /* Products */;
			projectDirPath = "";
			projectRoot = "";
			targets = (
				D2AAC07D0554694100DB518D /* Mocky-iOS */,
				A3E4289D1695E32300780641 /* Mocky-OSX */,
				A36FDBB311FFBB6E004A08F4 /* Examples */,
				A319BB7E1695A414003BB49A /* UnitTests */,
				A31FD2B616965C5C002D4511 /* FunctionalTests */,
			);
		};
/* End PBXProject section */

/* Begin PBXResourcesBuildPhase section */
		A319BB7C1695A414003BB49A /* Resources */ = {
			isa = PBXResourcesBuildPhase;
			buildActionMask = 2147483647;
			files = (
			);
			runOnlyForDeploymentPostprocessing = 0;
		};
		A31FD2B416965C5C002D4511 /* Resources */ = {
			isa = PBXResourcesBuildPhase;
			buildActionMask = 2147483647;
			files = (
			);
			runOnlyForDeploymentPostprocessing = 0;
		};
		A36FDBAF11FFBB6E004A08F4 /* Resources */ = {
			isa = PBXResourcesBuildPhase;
			buildActionMask = 2147483647;
			files = (
			);
			runOnlyForDeploymentPostprocessing = 0;
		};
		A3E4289C1695E32300780641 /* Resources */ = {
			isa = PBXResourcesBuildPhase;
			buildActionMask = 2147483647;
			files = (
				A3E428AA1695E32300780641 /* InfoPlist.strings in Resources */,
			);
			runOnlyForDeploymentPostprocessing = 0;
		};
/* End PBXResourcesBuildPhase section */

/* Begin PBXShellScriptBuildPhase section */
		3E67445F27B24BED90F391DB /* Copy Pods Resources */ = {
			isa = PBXShellScriptBuildPhase;
			buildActionMask = 2147483647;
			files = (
			);
			inputPaths = (
			);
			name = "Copy Pods Resources";
			outputPaths = (
			);
			runOnlyForDeploymentPostprocessing = 0;
			shellPath = /bin/sh;
			shellScript = "\"${SRCROOT}/Pods/Pods-osx-resources.sh\"\n";
		};
		415FADEA031243B9A873B6A5 /* Copy Pods Resources */ = {
			isa = PBXShellScriptBuildPhase;
			buildActionMask = 2147483647;
			files = (
			);
			inputPaths = (
			);
			name = "Copy Pods Resources";
			outputPaths = (
			);
			runOnlyForDeploymentPostprocessing = 0;
			shellPath = /bin/sh;
			shellScript = "";
			showEnvVarsInLog = 0;
		};
		91B9A40027F64A999387F93D /* Copy Pods Resources */ = {
			isa = PBXShellScriptBuildPhase;
			buildActionMask = 2147483647;
			files = (
			);
			inputPaths = (
			);
			name = "Copy Pods Resources";
			outputPaths = (
			);
			runOnlyForDeploymentPostprocessing = 0;
			shellPath = /bin/sh;
			shellScript = "\"${SRCROOT}/Pods/Pods-ios-resources.sh\"\n";
		};
		A319BB7D1695A414003BB49A /* ShellScript */ = {
			isa = PBXShellScriptBuildPhase;
			buildActionMask = 2147483647;
			files = (
			);
			inputPaths = (
			);
			outputPaths = (
			);
			runOnlyForDeploymentPostprocessing = 0;
			shellPath = /bin/sh;
			shellScript = "# Run the unit tests in this test bundle.\n\"${SYSTEM_DEVELOPER_DIR}/Tools/RunUnitTests\"\n";
		};
		A31FD2B516965C5C002D4511 /* ShellScript */ = {
			isa = PBXShellScriptBuildPhase;
			buildActionMask = 2147483647;
			files = (
			);
			inputPaths = (
			);
			outputPaths = (
			);
			runOnlyForDeploymentPostprocessing = 0;
			shellPath = /bin/sh;
			shellScript = "# Run the unit tests in this test bundle.\n\"${SYSTEM_DEVELOPER_DIR}/Tools/RunUnitTests\"\n";
		};
		A31FD3221698F5E3002D4511 /* Export Environment */ = {
			isa = PBXShellScriptBuildPhase;
			buildActionMask = 2147483647;
			files = (
			);
			inputPaths = (
			);
			name = "Export Environment";
			outputPaths = (
			);
			runOnlyForDeploymentPostprocessing = 0;
			shellPath = /bin/sh;
			shellScript = Scripts/exportenv.sh;
			showEnvVarsInLog = 0;
		};
		A36FDBB211FFBB6E004A08F4 /* ShellScript */ = {
			isa = PBXShellScriptBuildPhase;
			buildActionMask = 2147483647;
			files = (
			);
			inputPaths = (
			);
			outputPaths = (
			);
			runOnlyForDeploymentPostprocessing = 0;
			shellPath = /bin/sh;
			shellScript = "# Run the unit tests in this test bundle.\n\"${SYSTEM_DEVELOPER_DIR}/Tools/RunUnitTests\"\n";
		};
		C3E69FFC86434156B10FDA74 /* Copy Pods Resources */ = {
			isa = PBXShellScriptBuildPhase;
			buildActionMask = 2147483647;
			files = (
			);
			inputPaths = (
			);
			name = "Copy Pods Resources";
			outputPaths = (
			);
			runOnlyForDeploymentPostprocessing = 0;
			shellPath = /bin/sh;
			shellScript = "\"${SRCROOT}/Pods/Pods-tests_osx-resources.sh\"\n";
		};
		CDEF7A3E98234E269317EEA7 /* Copy Pods Resources */ = {
			isa = PBXShellScriptBuildPhase;
			buildActionMask = 2147483647;
			files = (
			);
			inputPaths = (
			);
			name = "Copy Pods Resources";
			outputPaths = (
			);
			runOnlyForDeploymentPostprocessing = 0;
			shellPath = /bin/sh;
			shellScript = "\"${SRCROOT}/Pods/Pods-tests_osx-resources.sh\"\n";
		};
/* End PBXShellScriptBuildPhase section */

/* Begin PBXSourcesBuildPhase section */
		A319BB7A1695A414003BB49A /* Sources */ = {
			isa = PBXSourcesBuildPhase;
			buildActionMask = 2147483647;
			files = (
				A31FD28C16962576002D4511 /* TestUtilities.m in Sources */,
				A31FD2A4169659B9002D4511 /* TestHelper.m in Sources */,
				A31FD2AC16965C0D002D4511 /* LRInvocationToExpectationTranslatorTest.m in Sources */,
				A31FD2AD16965C0D002D4511 /* LRMockObjectTest.m in Sources */,
				A31FD2AE16965C0D002D4511 /* LRReflectionImposterizerTest.m in Sources */,
				A31FD2AF16965C0D002D4511 /* LRMockeryTest.m in Sources */,
				A31FD2B116965C0D002D4511 /* LRMockyStatesTest.m in Sources */,
				A31FD2EF16966B0B002D4511 /* LRExpectationsTest.m in Sources */,
				A31FD2FC16975A39002D4511 /* LRInvocationExpectationTest.m in Sources */,
				A31FD2FD16975B7A002D4511 /* HCBlockMatcher.m in Sources */,
			);
			runOnlyForDeploymentPostprocessing = 0;
		};
		A31FD2B216965C5C002D4511 /* Sources */ = {
			isa = PBXSourcesBuildPhase;
			buildActionMask = 2147483647;
			files = (
				A31FD2C816965C7D002D4511 /* SimpleExpectationTests.m in Sources */,
				A31FD2D916965D54002D4511 /* FunctionalMockeryTestCase.m in Sources */,
				A31FD2DB16965D5E002D4511 /* TestHelper.m in Sources */,
				A31FD2DC16965D5E002D4511 /* TestUtilities.m in Sources */,
				A31FD2F916972114002D4511 /* ProtocolMockTests.m in Sources */,
				A31FD2FA16972114002D4511 /* NotificationExpectationTests.m in Sources */,
				A31FD3101697BD20002D4511 /* CardinalityTests.m in Sources */,
				A31FD3111697BE5C002D4511 /* ExpectationsWithDifferentArgumentsTest.m in Sources */,
				A31FD3231698F94D002D4511 /* ExpectationActionsTest.m in Sources */,
				A31FD34816991283002D4511 /* StateMachineTests.m in Sources */,
			);
			runOnlyForDeploymentPostprocessing = 0;
		};
		A36FDBB011FFBB6E004A08F4 /* Sources */ = {
			isa = PBXSourcesBuildPhase;
			buildActionMask = 2147483647;
			files = (
				A3943E0B11FFBBAB007FE700 /* BasicExamples.m in Sources */,
				A398EEF413D1F759005C26AA /* TestHelper.m in Sources */,
				A3156302150434D6006949E6 /* HCBlockMatcher.m in Sources */,
			);
			runOnlyForDeploymentPostprocessing = 0;
		};
		A3E428991695E32300780641 /* Sources */ = {
			isa = PBXSourcesBuildPhase;
			buildActionMask = 2147483647;
			files = (
				A3E428AE1695E32300780641 /* Mocky_OSX.m in Sources */,
				A3E428B31695E33A00780641 /* LRReflectionImposterizer.m in Sources */,
				A3E428B61695E59200780641 /* LRMockery.m in Sources */,
				A3E428B816961AD700780641 /* LRTestCase.m in Sources */,
				A3E428B916961B0F00780641 /* LRInvocationExpectation.m in Sources */,
				A3E428BA16961B0F00780641 /* LRUnexpectedInvocation.m in Sources */,
				A3E428BB16961B0F00780641 /* LRExpectationCardinality.m in Sources */,
				A3E428BC16961B0F00780641 /* LRNotificationExpectation.m in Sources */,
				A3E428BD16961B0F00780641 /* LRPerformBlockAction.m in Sources */,
				A3E428BF16961B0F00780641 /* LRConsecutiveCallAction.m in Sources */,
				A3E428C316961B0F00780641 /* LRInvocationExpectationBuilder.m in Sources */,
				A31FD27B16961B66002D4511 /* LRMockObject.m in Sources */,
				A31FD27C16961B8B002D4511 /* LRMockyStateMachine.m in Sources */,
				A31FD27D16961B8B002D4511 /* LRMockyState.m in Sources */,
				A31FD27E16961B8B002D4511 /* LRMockyStateTransitionAction.m in Sources */,
				A31FD29216962852002D4511 /* LRInvocationToExpectationTranslator.m in Sources */,
				A31FD29A16965694002D4511 /* NSInvocation+OCMAdditions.m in Sources */,
				A31FD2F516970D8D002D4511 /* LRExpectations.m in Sources */,
				A31FD3091697B511002D4511 /* LRAllParametersMatcher.m in Sources */,
				A31FD30F1697B61F002D4511 /* NSInvocation+Conveniences.m in Sources */,
				A31FD32F169907F4002D4511 /* LRExpectationActions.m in Sources */,
				A31FD33416990D66002D4511 /* LRCompositeAction.m in Sources */,
				A31FD34216991122002D4511 /* NSInvocation+BlockArguments.m in Sources */,
				A31FD34D16991D6F002D4511 /* LRExpectationConstraints.m in Sources */,
			);
			runOnlyForDeploymentPostprocessing = 0;
		};
		D2AAC07B0554694100DB518D /* Sources */ = {
			isa = PBXSourcesBuildPhase;
			buildActionMask = 2147483647;
			files = (
				A3385ADF12026377006E95AB /* LRMockyStateTransitionAction.m in Sources */,
				A3385ADE12026375006E95AB /* LRMockyState.m in Sources */,
				A3385ADD12026372006E95AB /* LRMockyStateMachine.m in Sources */,
				A301769F11FDEEFC004828C5 /* LRInvocationExpectationBuilder.m in Sources */,
				A30176A311FDEEFC004828C5 /* LRInvocationExpectation.m in Sources */,
				A30176A511FDEEFC004828C5 /* LRMockery.m in Sources */,
				A30176A911FDEEFC004828C5 /* LRPerformBlockAction.m in Sources */,
				A30176AD11FDEEFC004828C5 /* LRTestCase.m in Sources */,
				A30176AF11FDEEFC004828C5 /* LRUnexpectedInvocation.m in Sources */,
				A391561311FFB81300FE7C49 /* LRExpectationCardinality.m in Sources */,
				A391561A11FFB82900FE7C49 /* LRConsecutiveCallAction.m in Sources */,
				A3289A3D122C73B100D89A88 /* LRNotificationExpectation.m in Sources */,
				A3E428901695E16800780641 /* LRMockObject.m in Sources */,
				A3E428961695E23000780641 /* LRReflectionImposterizer.m in Sources */,
				A31FD29116962851002D4511 /* LRInvocationToExpectationTranslator.m in Sources */,
				A31FD29C16965694002D4511 /* NSInvocation+OCMAdditions.m in Sources */,
				A31FD2F316970BB9002D4511 /* LRExpectations.m in Sources */,
				A31FD3081697B49D002D4511 /* LRAllParametersMatcher.m in Sources */,
				A31FD30E1697B59E002D4511 /* NSInvocation+Conveniences.m in Sources */,
				A31FD32D16990608002D4511 /* LRExpectationActions.m in Sources */,
				A31FD33316990C14002D4511 /* LRCompositeAction.m in Sources */,
				A31FD33816990EF2002D4511 /* NSInvocation+BlockArguments.m in Sources */,
				A31FD34C1699180E002D4511 /* LRExpectationConstraints.m in Sources */,
			);
			runOnlyForDeploymentPostprocessing = 0;
		};
/* End PBXSourcesBuildPhase section */

/* Begin PBXTargetDependency section */
		A340492C11FFBC420092E4C6 /* PBXTargetDependency */ = {
			isa = PBXTargetDependency;
			target = D2AAC07D0554694100DB518D /* Mocky-iOS */;
			targetProxy = A340492B11FFBC420092E4C6 /* PBXContainerItemProxy */;
		};
/* End PBXTargetDependency section */

/* Begin PBXVariantGroup section */
		A3E428A81695E32300780641 /* InfoPlist.strings */ = {
			isa = PBXVariantGroup;
			children = (
				A3E428A91695E32300780641 /* en */,
			);
			name = InfoPlist.strings;
			sourceTree = "<group>";
		};
/* End PBXVariantGroup section */

/* Begin XCBuildConfiguration section */
		1DEB921F08733DC00010E9CD /* Debug */ = {
			isa = XCBuildConfiguration;
			baseConfigurationReference = 2A31DAE89AAD44DE9CD7A062 /* Pods-ios.xcconfig */;
			buildSettings = {
				ALWAYS_SEARCH_USER_PATHS = NO;
				ARCHS = "$(ARCHS_STANDARD_32_BIT)";
				CLANG_ENABLE_OBJC_ARC = YES;
				COPY_PHASE_STRIP = NO;
				DSTROOT = /tmp/Mocky.dst;
				FRAMEWORK_SEARCH_PATHS = (
					"$(inherited)",
					"\"$(SRCROOT)/Frameworks\"",
				);
				GCC_DYNAMIC_NO_PIC = NO;
				GCC_MODEL_TUNING = G5;
				GCC_OPTIMIZATION_LEVEL = 0;
				GCC_PRECOMPILE_PREFIX_HEADER = YES;
				GCC_PREFIX_HEADER = Mocky_Prefix.pch;
				GCC_VERSION = com.apple.compilers.llvm.clang.1_0;
				GCC_WARN_ABOUT_MISSING_PROTOTYPES = YES;
				GCC_WARN_TYPECHECK_CALLS_TO_PRINTF = NO;
				INSTALL_PATH = /usr/local/lib;
				OTHER_LDFLAGS = "-ObjC";
				PRODUCT_NAME = Mocky;
				SKIP_INSTALL = YES;
			};
			name = Debug;
		};
		1DEB922008733DC00010E9CD /* Release */ = {
			isa = XCBuildConfiguration;
			baseConfigurationReference = 2A31DAE89AAD44DE9CD7A062 /* Pods-ios.xcconfig */;
			buildSettings = {
				ALWAYS_SEARCH_USER_PATHS = NO;
				ARCHS = "$(ARCHS_STANDARD_32_BIT)";
				CLANG_ENABLE_OBJC_ARC = YES;
				DSTROOT = /tmp/Mocky.dst;
				FRAMEWORK_SEARCH_PATHS = (
					"$(inherited)",
					"\"$(SRCROOT)/Frameworks\"",
				);
				GCC_MODEL_TUNING = G5;
				GCC_PRECOMPILE_PREFIX_HEADER = YES;
				GCC_PREFIX_HEADER = Mocky_Prefix.pch;
				GCC_VERSION = com.apple.compilers.llvm.clang.1_0;
				GCC_WARN_ABOUT_MISSING_PROTOTYPES = YES;
				GCC_WARN_TYPECHECK_CALLS_TO_PRINTF = NO;
				INSTALL_PATH = /usr/local/lib;
				OTHER_LDFLAGS = "-ObjC";
				PRODUCT_NAME = Mocky;
				SKIP_INSTALL = YES;
			};
			name = Release;
		};
		1DEB922308733DC00010E9CD /* Debug */ = {
			isa = XCBuildConfiguration;
			buildSettings = {
				ARCHS = "$(ARCHS_STANDARD_32_BIT)";
				GCC_C_LANGUAGE_STANDARD = c99;
				GCC_OPTIMIZATION_LEVEL = 0;
				GCC_VERSION = com.apple.compilers.llvm.clang.1_0;
				GCC_WARN_ABOUT_RETURN_TYPE = YES;
				GCC_WARN_UNUSED_VARIABLE = YES;
				IPHONEOS_DEPLOYMENT_TARGET = 5.0;
				OTHER_LDFLAGS = "-ObjC";
				SDKROOT = iphoneos;
			};
			name = Debug;
		};
		1DEB922408733DC00010E9CD /* Release */ = {
			isa = XCBuildConfiguration;
			buildSettings = {
				ARCHS = "$(ARCHS_STANDARD_32_BIT)";
				GCC_C_LANGUAGE_STANDARD = c99;
				GCC_VERSION = com.apple.compilers.llvm.clang.1_0;
				GCC_WARN_ABOUT_RETURN_TYPE = YES;
				GCC_WARN_UNUSED_VARIABLE = YES;
				IPHONEOS_DEPLOYMENT_TARGET = 5.0;
				OTHER_LDFLAGS = "-ObjC";
				SDKROOT = iphoneos;
			};
			name = Release;
		};
		A319BB921695A414003BB49A /* Debug */ = {
			isa = XCBuildConfiguration;
			baseConfigurationReference = 592A5255E4E0402AA826189E /* Pods-osx.xcconfig */;
			buildSettings = {
				ALWAYS_SEARCH_USER_PATHS = NO;
				ARCHS = "$(ARCHS_STANDARD_64_BIT)";
				CLANG_CXX_LANGUAGE_STANDARD = "gnu++0x";
				CLANG_CXX_LIBRARY = "libc++";
				CLANG_ENABLE_OBJC_ARC = YES;
				CLANG_WARN_EMPTY_BODY = YES;
				CLANG_WARN__DUPLICATE_METHOD_MATCH = YES;
				COMBINE_HIDPI_IMAGES = YES;
				COPY_PHASE_STRIP = NO;
				FRAMEWORK_SEARCH_PATHS = "\"$(DEVELOPER_LIBRARY_DIR)/Frameworks\"";
				GCC_C_LANGUAGE_STANDARD = gnu99;
				GCC_DYNAMIC_NO_PIC = NO;
				GCC_ENABLE_OBJC_EXCEPTIONS = YES;
				GCC_GENERATE_TEST_COVERAGE_FILES = NO;
				GCC_INSTRUMENT_PROGRAM_FLOW_ARCS = NO;
				GCC_PRECOMPILE_PREFIX_HEADER = YES;
				GCC_PREPROCESSOR_DEFINITIONS = (
					"DEBUG=1",
					"$(inherited)",
				);
				GCC_SYMBOLS_PRIVATE_EXTERN = NO;
				GCC_WARN_64_TO_32_BIT_CONVERSION = YES;
				GCC_WARN_UNINITIALIZED_AUTOS = YES;
				INFOPLIST_FILE = "Tests-Info.plist";
				MACOSX_DEPLOYMENT_TARGET = 10.8;
				ONLY_ACTIVE_ARCH = YES;
				PRODUCT_NAME = "$(TARGET_NAME)";
				SDKROOT = macosx;
				WRAPPER_EXTENSION = octest;
			};
			name = Debug;
		};
		A319BB931695A414003BB49A /* Release */ = {
			isa = XCBuildConfiguration;
			buildSettings = {
				ALWAYS_SEARCH_USER_PATHS = NO;
				ARCHS = "$(ARCHS_STANDARD_64_BIT)";
				CLANG_CXX_LANGUAGE_STANDARD = "gnu++0x";
				CLANG_CXX_LIBRARY = "libc++";
				CLANG_ENABLE_OBJC_ARC = YES;
				CLANG_WARN_EMPTY_BODY = YES;
				CLANG_WARN__DUPLICATE_METHOD_MATCH = YES;
				COMBINE_HIDPI_IMAGES = YES;
				COPY_PHASE_STRIP = YES;
				DEBUG_INFORMATION_FORMAT = "dwarf-with-dsym";
				FRAMEWORK_SEARCH_PATHS = "\"$(DEVELOPER_LIBRARY_DIR)/Frameworks\"";
				GCC_C_LANGUAGE_STANDARD = gnu99;
				GCC_ENABLE_OBJC_EXCEPTIONS = YES;
				GCC_GENERATE_TEST_COVERAGE_FILES = NO;
				GCC_INSTRUMENT_PROGRAM_FLOW_ARCS = NO;
				GCC_PRECOMPILE_PREFIX_HEADER = YES;
				GCC_WARN_64_TO_32_BIT_CONVERSION = YES;
				GCC_WARN_UNINITIALIZED_AUTOS = YES;
				INFOPLIST_FILE = "Tests-Info.plist";
				MACOSX_DEPLOYMENT_TARGET = 10.8;
				PRODUCT_NAME = "$(TARGET_NAME)";
				SDKROOT = macosx;
				WRAPPER_EXTENSION = octest;
			};
			name = Release;
		};
		A31FD2C616965C5C002D4511 /* Debug */ = {
			isa = XCBuildConfiguration;
			baseConfigurationReference = 592A5255E4E0402AA826189E /* Pods-osx.xcconfig */;
			buildSettings = {
				ARCHS = "$(ARCHS_STANDARD_64_BIT)";
				CLANG_CXX_LANGUAGE_STANDARD = "gnu++0x";
				CLANG_CXX_LIBRARY = "libc++";
				CLANG_ENABLE_OBJC_ARC = YES;
				CLANG_WARN_EMPTY_BODY = YES;
				CLANG_WARN__DUPLICATE_METHOD_MATCH = YES;
				COMBINE_HIDPI_IMAGES = YES;
				COPY_PHASE_STRIP = NO;
				FRAMEWORK_SEARCH_PATHS = "\"$(DEVELOPER_LIBRARY_DIR)/Frameworks\"";
				GCC_C_LANGUAGE_STANDARD = gnu99;
				GCC_DYNAMIC_NO_PIC = NO;
				GCC_ENABLE_OBJC_EXCEPTIONS = YES;
				GCC_PRECOMPILE_PREFIX_HEADER = YES;
				GCC_PREPROCESSOR_DEFINITIONS = (
					"DEBUG=1",
					"$(inherited)",
				);
				GCC_SYMBOLS_PRIVATE_EXTERN = NO;
				GCC_WARN_64_TO_32_BIT_CONVERSION = YES;
				GCC_WARN_UNINITIALIZED_AUTOS = YES;
				HEADER_SEARCH_PATHS = "$(SRCROOT)/Pods/Headers";
				LIBRARY_SEARCH_PATHS = (
					"$(inherited)",
					"\"$(SRCROOT)/../../../Library/Developer/Xcode/DerivedData/Mocky-awvbrhvldukpccebypapggudtzvg/Build/Products/Debug\"",
				);
				MACOSX_DEPLOYMENT_TARGET = 10.8;
				ONLY_ACTIVE_ARCH = YES;
				PRODUCT_NAME = "$(TARGET_NAME)";
				SDKROOT = macosx;
				WRAPPER_EXTENSION = octest;
			};
			name = Debug;
		};
		A31FD2C716965C5C002D4511 /* Release */ = {
			isa = XCBuildConfiguration;
			buildSettings = {
				ARCHS = "$(ARCHS_STANDARD_64_BIT)";
				CLANG_CXX_LANGUAGE_STANDARD = "gnu++0x";
				CLANG_CXX_LIBRARY = "libc++";
				CLANG_ENABLE_OBJC_ARC = YES;
				CLANG_WARN_EMPTY_BODY = YES;
				CLANG_WARN__DUPLICATE_METHOD_MATCH = YES;
				COMBINE_HIDPI_IMAGES = YES;
				COPY_PHASE_STRIP = YES;
				DEBUG_INFORMATION_FORMAT = "dwarf-with-dsym";
				FRAMEWORK_SEARCH_PATHS = "\"$(DEVELOPER_LIBRARY_DIR)/Frameworks\"";
				GCC_C_LANGUAGE_STANDARD = gnu99;
				GCC_ENABLE_OBJC_EXCEPTIONS = YES;
				GCC_PRECOMPILE_PREFIX_HEADER = YES;
				GCC_WARN_64_TO_32_BIT_CONVERSION = YES;
				GCC_WARN_UNINITIALIZED_AUTOS = YES;
				HEADER_SEARCH_PATHS = "$(SRCROOT)/Pods/Headers";
				LIBRARY_SEARCH_PATHS = (
					"$(inherited)",
					"\"$(SRCROOT)/../../../Library/Developer/Xcode/DerivedData/Mocky-awvbrhvldukpccebypapggudtzvg/Build/Products/Debug\"",
				);
				MACOSX_DEPLOYMENT_TARGET = 10.8;
				PRODUCT_NAME = "$(TARGET_NAME)";
				SDKROOT = macosx;
				WRAPPER_EXTENSION = octest;
			};
			name = Release;
		};
		A36FDBB611FFBB6F004A08F4 /* Debug */ = {
			isa = XCBuildConfiguration;
			baseConfigurationReference = 592A5255E4E0402AA826189E /* Pods-osx.xcconfig */;
			buildSettings = {
				ALWAYS_SEARCH_USER_PATHS = NO;
				ARCHS = "$(ARCHS_STANDARD_64_BIT)";
				CLANG_ENABLE_OBJC_ARC = YES;
				"CODE_SIGN_IDENTITY[sdk=iphoneos*]" = "";
				COPY_PHASE_STRIP = NO;
				DSTROOT = /tmp/xcodeproj.dst;
				FRAMEWORK_SEARCH_PATHS = "\"$(DEVELOPER_LIBRARY_DIR)/Frameworks\"";
				GCC_DYNAMIC_NO_PIC = NO;
				GCC_ENABLE_OBJC_EXCEPTIONS = YES;
				GCC_OPTIMIZATION_LEVEL = 0;
				GCC_PRECOMPILE_PREFIX_HEADER = YES;
				GCC_VERSION = com.apple.compilers.llvm.clang.1_0;
				INFOPLIST_FILE = "Example Tests-Info.plist";
				PRODUCT_NAME = "Example Tests";
				SDKROOT = macosx;
				SKIP_INSTALL = YES;
				WRAPPER_EXTENSION = octest;
			};
			name = Debug;
		};
		A36FDBB711FFBB6F004A08F4 /* Release */ = {
			isa = XCBuildConfiguration;
			buildSettings = {
				ALWAYS_SEARCH_USER_PATHS = NO;
				ARCHS = "$(ARCHS_STANDARD_64_BIT)";
				CLANG_ENABLE_OBJC_ARC = YES;
				"CODE_SIGN_IDENTITY[sdk=iphoneos*]" = "";
				COPY_PHASE_STRIP = YES;
				DEBUG_INFORMATION_FORMAT = "dwarf-with-dsym";
				DSTROOT = /tmp/xcodeproj.dst;
				FRAMEWORK_SEARCH_PATHS = "\"$(DEVELOPER_LIBRARY_DIR)/Frameworks\"";
				GCC_ENABLE_OBJC_EXCEPTIONS = YES;
				GCC_PRECOMPILE_PREFIX_HEADER = YES;
				GCC_VERSION = com.apple.compilers.llvm.clang.1_0;
				INFOPLIST_FILE = "Example Tests-Info.plist";
				PRODUCT_NAME = "Example Tests";
				SDKROOT = macosx;
				SKIP_INSTALL = YES;
				WRAPPER_EXTENSION = octest;
				ZERO_LINK = NO;
			};
			name = Release;
		};
		A3E428B01695E32300780641 /* Debug */ = {
			isa = XCBuildConfiguration;
			baseConfigurationReference = 592A5255E4E0402AA826189E /* Pods-osx.xcconfig */;
			buildSettings = {
				ALWAYS_SEARCH_USER_PATHS = NO;
				ARCHS = "$(ARCHS_STANDARD_64_BIT)";
				CLANG_CXX_LANGUAGE_STANDARD = "gnu++0x";
				CLANG_CXX_LIBRARY = "libc++";
				CLANG_ENABLE_OBJC_ARC = YES;
				CLANG_WARN_EMPTY_BODY = YES;
				CLANG_WARN__DUPLICATE_METHOD_MATCH = YES;
				COMBINE_HIDPI_IMAGES = YES;
				COPY_PHASE_STRIP = NO;
				DYLIB_COMPATIBILITY_VERSION = 1;
				DYLIB_CURRENT_VERSION = 1;
				FRAMEWORK_SEARCH_PATHS = (
					"$(inherited)",
					"\"$(SYSTEM_APPS_DIR)/Xcode.app/Contents/Developer/Library/Frameworks\"",
				);
				FRAMEWORK_VERSION = A;
				GCC_C_LANGUAGE_STANDARD = gnu99;
				GCC_DYNAMIC_NO_PIC = YES;
				GCC_ENABLE_OBJC_EXCEPTIONS = YES;
				GCC_GENERATE_TEST_COVERAGE_FILES = YES;
				GCC_INSTRUMENT_PROGRAM_FLOW_ARCS = YES;
				GCC_PRECOMPILE_PREFIX_HEADER = YES;
				GCC_PREFIX_HEADER = "Mocky-OSX/Mocky-OSX-Prefix.pch";
				GCC_PREPROCESSOR_DEFINITIONS = (
					"DEBUG=1",
					"$(inherited)",
				);
				GCC_SYMBOLS_PRIVATE_EXTERN = NO;
				GCC_WARN_64_TO_32_BIT_CONVERSION = YES;
				GCC_WARN_UNINITIALIZED_AUTOS = YES;
				INFOPLIST_FILE = "Mocky-OSX/Mocky-OSX-Info.plist";
				LIBRARY_SEARCH_PATHS = (
					"$(inherited)",
					"\"$(SRCROOT)/../../../Library/Developer/Xcode/DerivedData/Mocky-awvbrhvldukpccebypapggudtzvg/Build/Products/Debug\"",
				);
				MACOSX_DEPLOYMENT_TARGET = 10.7;
				ONLY_ACTIVE_ARCH = YES;
				PRODUCT_NAME = "$(TARGET_NAME)";
				SDKROOT = macosx;
				WRAPPER_EXTENSION = framework;
			};
			name = Debug;
		};
		A3E428B11695E32300780641 /* Release */ = {
			isa = XCBuildConfiguration;
			baseConfigurationReference = 592A5255E4E0402AA826189E /* Pods-osx.xcconfig */;
			buildSettings = {
				ALWAYS_SEARCH_USER_PATHS = NO;
				ARCHS = "$(ARCHS_STANDARD_64_BIT)";
				CLANG_CXX_LANGUAGE_STANDARD = "gnu++0x";
				CLANG_CXX_LIBRARY = "libc++";
				CLANG_ENABLE_OBJC_ARC = YES;
				CLANG_WARN_EMPTY_BODY = YES;
				CLANG_WARN__DUPLICATE_METHOD_MATCH = YES;
				COMBINE_HIDPI_IMAGES = YES;
				COPY_PHASE_STRIP = YES;
				DEBUG_INFORMATION_FORMAT = "dwarf-with-dsym";
				DYLIB_COMPATIBILITY_VERSION = 1;
				DYLIB_CURRENT_VERSION = 1;
				FRAMEWORK_SEARCH_PATHS = (
					"$(inherited)",
					"\"$(SYSTEM_APPS_DIR)/Xcode.app/Contents/Developer/Library/Frameworks\"",
				);
				FRAMEWORK_VERSION = A;
				GCC_C_LANGUAGE_STANDARD = gnu99;
				GCC_DYNAMIC_NO_PIC = YES;
				GCC_ENABLE_OBJC_EXCEPTIONS = YES;
				GCC_PRECOMPILE_PREFIX_HEADER = YES;
				GCC_PREFIX_HEADER = "Mocky-OSX/Mocky-OSX-Prefix.pch";
				GCC_WARN_64_TO_32_BIT_CONVERSION = YES;
				GCC_WARN_UNINITIALIZED_AUTOS = YES;
				INFOPLIST_FILE = "Mocky-OSX/Mocky-OSX-Info.plist";
				LIBRARY_SEARCH_PATHS = (
					"$(inherited)",
					"\"$(SRCROOT)/../../../Library/Developer/Xcode/DerivedData/Mocky-awvbrhvldukpccebypapggudtzvg/Build/Products/Debug\"",
				);
				MACOSX_DEPLOYMENT_TARGET = 10.7;
				PRODUCT_NAME = "$(TARGET_NAME)";
				SDKROOT = macosx;
				WRAPPER_EXTENSION = framework;
			};
			name = Release;
		};
/* End XCBuildConfiguration section */

/* Begin XCConfigurationList section */
		1DEB921E08733DC00010E9CD /* Build configuration list for PBXNativeTarget "Mocky-iOS" */ = {
			isa = XCConfigurationList;
			buildConfigurations = (
				1DEB921F08733DC00010E9CD /* Debug */,
				1DEB922008733DC00010E9CD /* Release */,
			);
			defaultConfigurationIsVisible = 0;
			defaultConfigurationName = Release;
		};
		1DEB922208733DC00010E9CD /* Build configuration list for PBXProject "Mocky" */ = {
			isa = XCConfigurationList;
			buildConfigurations = (
				1DEB922308733DC00010E9CD /* Debug */,
				1DEB922408733DC00010E9CD /* Release */,
			);
			defaultConfigurationIsVisible = 0;
			defaultConfigurationName = Release;
		};
		A319BB941695A414003BB49A /* Build configuration list for PBXNativeTarget "UnitTests" */ = {
			isa = XCConfigurationList;
			buildConfigurations = (
				A319BB921695A414003BB49A /* Debug */,
				A319BB931695A414003BB49A /* Release */,
			);
			defaultConfigurationIsVisible = 0;
			defaultConfigurationName = Release;
		};
		A31FD2C516965C5C002D4511 /* Build configuration list for PBXNativeTarget "FunctionalTests" */ = {
			isa = XCConfigurationList;
			buildConfigurations = (
				A31FD2C616965C5C002D4511 /* Debug */,
				A31FD2C716965C5C002D4511 /* Release */,
			);
			defaultConfigurationIsVisible = 0;
			defaultConfigurationName = Release;
		};
		A36FDBB811FFBB6F004A08F4 /* Build configuration list for PBXNativeTarget "Examples" */ = {
			isa = XCConfigurationList;
			buildConfigurations = (
				A36FDBB611FFBB6F004A08F4 /* Debug */,
				A36FDBB711FFBB6F004A08F4 /* Release */,
			);
			defaultConfigurationIsVisible = 0;
			defaultConfigurationName = Release;
		};
		A3E428AF1695E32300780641 /* Build configuration list for PBXNativeTarget "Mocky-OSX" */ = {
			isa = XCConfigurationList;
			buildConfigurations = (
				A3E428B01695E32300780641 /* Debug */,
				A3E428B11695E32300780641 /* Release */,
			);
			defaultConfigurationIsVisible = 0;
			defaultConfigurationName = Release;
		};
/* End XCConfigurationList section */
	};
	rootObject = 0867D690FE84028FC02AAC07 /* Project object */;
}
